// !$*UTF8*$!
{
	archiveVersion = 1;
	classes = {
	};
	objectVersion = 50;
	objects = {

/* Begin PBXBuildFile section */
		EB00C596249170A10058332E /* imageButtonServiceAtivo@2x.png in Resources */ = {isa = PBXBuildFile; fileRef = EB00C593249170A10058332E /* imageButtonServiceAtivo@2x.png */; };
		EB00C597249170A10058332E /* imageButtonServiceAtivo@3x.png in Resources */ = {isa = PBXBuildFile; fileRef = EB00C594249170A10058332E /* imageButtonServiceAtivo@3x.png */; };
		EB00C598249170A10058332E /* imageButtonServiceAtivo.png in Resources */ = {isa = PBXBuildFile; fileRef = EB00C595249170A10058332E /* imageButtonServiceAtivo.png */; };
		EB00C59C249171BC0058332E /* imageButtonConvenios@2x.png in Resources */ = {isa = PBXBuildFile; fileRef = EB00C599249171BC0058332E /* imageButtonConvenios@2x.png */; };
		EB00C59D249171BC0058332E /* imageButtonConvenios.png in Resources */ = {isa = PBXBuildFile; fileRef = EB00C59A249171BC0058332E /* imageButtonConvenios.png */; };
		EB00C59E249171BC0058332E /* imageButtonConvenios@3x.png in Resources */ = {isa = PBXBuildFile; fileRef = EB00C59B249171BC0058332E /* imageButtonConvenios@3x.png */; };
		EB00C5A2249172380058332E /* imageButtonAbrangencia.png in Resources */ = {isa = PBXBuildFile; fileRef = EB00C59F249172380058332E /* imageButtonAbrangencia.png */; };
		EB00C5A3249172380058332E /* imageButtonAbrangencia@2x.png in Resources */ = {isa = PBXBuildFile; fileRef = EB00C5A0249172380058332E /* imageButtonAbrangencia@2x.png */; };
		EB00C5A4249172380058332E /* imageButtonAbrangencia@3x.png in Resources */ = {isa = PBXBuildFile; fileRef = EB00C5A1249172380058332E /* imageButtonAbrangencia@3x.png */; };
		EB00C5A72491754F0058332E /* HeadquarterServicesGuaruhosViewController.swift in Sources */ = {isa = PBXBuildFile; fileRef = EB00C5A62491754F0058332E /* HeadquarterServicesGuaruhosViewController.swift */; };
		EB00C5A9249286E90058332E /* HeadquarterServiceDetailsViewController.swift in Sources */ = {isa = PBXBuildFile; fileRef = EB00C5A8249286E80058332E /* HeadquarterServiceDetailsViewController.swift */; };
		EB00C5AB249297F80058332E /* HeadquarterAbrangenciaViewController.swift in Sources */ = {isa = PBXBuildFile; fileRef = EB00C5AA249297F80058332E /* HeadquarterAbrangenciaViewController.swift */; };
		EB00C5B02492B2690058332E /* image_servico_atendimento_medico.png in Resources */ = {isa = PBXBuildFile; fileRef = EB00C5AD2492B2680058332E /* image_servico_atendimento_medico.png */; };
		EB00C5B12492B2690058332E /* image_servico_atendimento_medico@3x.png in Resources */ = {isa = PBXBuildFile; fileRef = EB00C5AE2492B2680058332E /* image_servico_atendimento_medico@3x.png */; };
		EB00C5B22492B2690058332E /* image_servico_atendimento_medico@2x.png in Resources */ = {isa = PBXBuildFile; fileRef = EB00C5AF2492B2680058332E /* image_servico_atendimento_medico@2x.png */; };
		EB00C5B42492B2F30058332E /* ServiceAtendimentoMedicoViewController.swift in Sources */ = {isa = PBXBuildFile; fileRef = EB00C5B32492B2F30058332E /* ServiceAtendimentoMedicoViewController.swift */; };
		EB00C5B62492D1D50058332E /* ServiceEscolaViewController.swift in Sources */ = {isa = PBXBuildFile; fileRef = EB00C5B52492D1D50058332E /* ServiceEscolaViewController.swift */; };
		EB00C5B82492E0B90058332E /* ServiceEscolaDetailViewController.swift in Sources */ = {isa = PBXBuildFile; fileRef = EB00C5B72492E0B90058332E /* ServiceEscolaDetailViewController.swift */; };
		EB026A1124573555009A784E /* HeadquartersViewController.swift in Sources */ = {isa = PBXBuildFile; fileRef = EB026A1024573555009A784E /* HeadquartersViewController.swift */; };
		EB026A15245735A0009A784E /* ServiceViewController.swift in Sources */ = {isa = PBXBuildFile; fileRef = EB026A14245735A0009A784E /* ServiceViewController.swift */; };
		EB026A17245735B6009A784E /* SummerCampViewController.swift in Sources */ = {isa = PBXBuildFile; fileRef = EB026A16245735B6009A784E /* SummerCampViewController.swift */; };
		EB026A19245735C8009A784E /* JoinViewController.swift in Sources */ = {isa = PBXBuildFile; fileRef = EB026A18245735C8009A784E /* JoinViewController.swift */; };
		EB026A1B245735DC009A784E /* ConventionViewController.swift in Sources */ = {isa = PBXBuildFile; fileRef = EB026A1A245735DC009A784E /* ConventionViewController.swift */; };
		EB242BC42455289E00A4F49D /* SinthorespViewController.swift in Sources */ = {isa = PBXBuildFile; fileRef = EB242BC32455289E00A4F49D /* SinthorespViewController.swift */; };
		EB242BC824552F3E00A4F49D /* imageButtonSinthoresp@3x.png in Resources */ = {isa = PBXBuildFile; fileRef = EB242BC524552F3D00A4F49D /* imageButtonSinthoresp@3x.png */; };
		EB242BC924552F3E00A4F49D /* imageButtonSinthoresp@2x.png in Resources */ = {isa = PBXBuildFile; fileRef = EB242BC624552F3D00A4F49D /* imageButtonSinthoresp@2x.png */; };
		EB242BCA24552F3E00A4F49D /* imageButtonSinthoresp.png in Resources */ = {isa = PBXBuildFile; fileRef = EB242BC724552F3E00A4F49D /* imageButtonSinthoresp.png */; };
		EB242BCE2455326700A4F49D /* imageButtonHeadquarters@3x.png in Resources */ = {isa = PBXBuildFile; fileRef = EB242BCB2455326700A4F49D /* imageButtonHeadquarters@3x.png */; };
		EB242BCF2455326700A4F49D /* imageButtonHeadquarters.png in Resources */ = {isa = PBXBuildFile; fileRef = EB242BCC2455326700A4F49D /* imageButtonHeadquarters.png */; };
		EB242BD02455326700A4F49D /* imageButtonHeadquarters@2x.png in Resources */ = {isa = PBXBuildFile; fileRef = EB242BCD2455326700A4F49D /* imageButtonHeadquarters@2x.png */; };
		EB242BE02455389D00A4F49D /* imageButtonJoin@2x.png in Resources */ = {isa = PBXBuildFile; fileRef = EB242BD12455389B00A4F49D /* imageButtonJoin@2x.png */; };
		EB242BE12455389D00A4F49D /* imageButtonJoin@3x.png in Resources */ = {isa = PBXBuildFile; fileRef = EB242BD22455389B00A4F49D /* imageButtonJoin@3x.png */; };
		EB242BE22455389D00A4F49D /* imageButtonJoin.png in Resources */ = {isa = PBXBuildFile; fileRef = EB242BD32455389B00A4F49D /* imageButtonJoin.png */; };
		EB242BE42455389D00A4F49D /* imageButtonService@2x.png in Resources */ = {isa = PBXBuildFile; fileRef = EB242BD52455389B00A4F49D /* imageButtonService@2x.png */; };
		EB242BE52455389D00A4F49D /* imageButtonSummerCamp.png in Resources */ = {isa = PBXBuildFile; fileRef = EB242BD62455389B00A4F49D /* imageButtonSummerCamp.png */; };
		EB242BE72455389D00A4F49D /* imageButtonSummerCamp@2x.png in Resources */ = {isa = PBXBuildFile; fileRef = EB242BD82455389C00A4F49D /* imageButtonSummerCamp@2x.png */; };
		EB242BE82455389D00A4F49D /* imageButtonService@3x.png in Resources */ = {isa = PBXBuildFile; fileRef = EB242BD92455389C00A4F49D /* imageButtonService@3x.png */; };
		EB242BE92455389D00A4F49D /* imageButtonConvention.png in Resources */ = {isa = PBXBuildFile; fileRef = EB242BDA2455389C00A4F49D /* imageButtonConvention.png */; };
		EB242BEB2455389D00A4F49D /* imageButtonConvention@2x.png in Resources */ = {isa = PBXBuildFile; fileRef = EB242BDC2455389C00A4F49D /* imageButtonConvention@2x.png */; };
		EB242BEC2455389D00A4F49D /* imageButtonConvention@3x.png in Resources */ = {isa = PBXBuildFile; fileRef = EB242BDD2455389C00A4F49D /* imageButtonConvention@3x.png */; };
		EB242BED2455389D00A4F49D /* imageButtonService.png in Resources */ = {isa = PBXBuildFile; fileRef = EB242BDE2455389D00A4F49D /* imageButtonService.png */; };
		EB242BEE2455389D00A4F49D /* imageButtonSummerCamp@3x.png in Resources */ = {isa = PBXBuildFile; fileRef = EB242BDF2455389D00A4F49D /* imageButtonSummerCamp@3x.png */; };
		EB242BF224553A2B00A4F49D /* imageButtonContact.png in Resources */ = {isa = PBXBuildFile; fileRef = EB242BEF24553A2B00A4F49D /* imageButtonContact.png */; };
		EB242BF324553A2B00A4F49D /* imageButtonContact@2x.png in Resources */ = {isa = PBXBuildFile; fileRef = EB242BF024553A2B00A4F49D /* imageButtonContact@2x.png */; };
		EB242BF424553A2B00A4F49D /* imageButtonContact@3x.png in Resources */ = {isa = PBXBuildFile; fileRef = EB242BF124553A2B00A4F49D /* imageButtonContact@3x.png */; };
		EB242BFE24555A2B00A4F49D /* imageButtonBack@2x.png in Resources */ = {isa = PBXBuildFile; fileRef = EB242BFB24555A2A00A4F49D /* imageButtonBack@2x.png */; };
		EB242BFF24555A2B00A4F49D /* imageButtonBack@3x.png in Resources */ = {isa = PBXBuildFile; fileRef = EB242BFC24555A2A00A4F49D /* imageButtonBack@3x.png */; };
		EB242C0024555A2B00A4F49D /* imageButtonBack.png in Resources */ = {isa = PBXBuildFile; fileRef = EB242BFD24555A2B00A4F49D /* imageButtonBack.png */; };
		EB37AE1124633114007C1CAB /* imageDiretoriaExecutivaEdimundo@2x.png in Resources */ = {isa = PBXBuildFile; fileRef = EB37ADFC24633111007C1CAB /* imageDiretoriaExecutivaEdimundo@2x.png */; };
		EB37AE1224633114007C1CAB /* imageDiretoriaExecutivaEdimundo@3x.png in Resources */ = {isa = PBXBuildFile; fileRef = EB37ADFD24633111007C1CAB /* imageDiretoriaExecutivaEdimundo@3x.png */; };
		EB37AE1324633114007C1CAB /* imageDiretoriaExecutivaGilberto.png in Resources */ = {isa = PBXBuildFile; fileRef = EB37ADFE24633111007C1CAB /* imageDiretoriaExecutivaGilberto.png */; };
		EB37AE1424633114007C1CAB /* imageDiretoriaExecutivaRubens@3x.png in Resources */ = {isa = PBXBuildFile; fileRef = EB37ADFF24633111007C1CAB /* imageDiretoriaExecutivaRubens@3x.png */; };
		EB37AE1524633114007C1CAB /* imageDiretoriaExecutivaJoao@2x.png in Resources */ = {isa = PBXBuildFile; fileRef = EB37AE0024633111007C1CAB /* imageDiretoriaExecutivaJoao@2x.png */; };
		EB37AE1624633114007C1CAB /* imageDiretoriaExecutivaJoao@3x.png in Resources */ = {isa = PBXBuildFile; fileRef = EB37AE0124633112007C1CAB /* imageDiretoriaExecutivaJoao@3x.png */; };
		EB37AE1724633114007C1CAB /* imageDiretoriaExecutivaValdir@3x.png in Resources */ = {isa = PBXBuildFile; fileRef = EB37AE0224633112007C1CAB /* imageDiretoriaExecutivaValdir@3x.png */; };
		EB37AE1824633114007C1CAB /* imageDiretoriaExecutivaValdir@2x.png in Resources */ = {isa = PBXBuildFile; fileRef = EB37AE0324633112007C1CAB /* imageDiretoriaExecutivaValdir@2x.png */; };
		EB37AE1924633114007C1CAB /* imageDiretoriaExecutivaGilberto@2x.png in Resources */ = {isa = PBXBuildFile; fileRef = EB37AE0424633112007C1CAB /* imageDiretoriaExecutivaGilberto@2x.png */; };
		EB37AE1A24633114007C1CAB /* imageDiretoriaExecutivaFrancisco@2x.png in Resources */ = {isa = PBXBuildFile; fileRef = EB37AE0524633112007C1CAB /* imageDiretoriaExecutivaFrancisco@2x.png */; };
		EB37AE1B24633114007C1CAB /* imageDiretoriaExecutivaRubens@2x.png in Resources */ = {isa = PBXBuildFile; fileRef = EB37AE0624633112007C1CAB /* imageDiretoriaExecutivaRubens@2x.png */; };
		EB37AE1C24633114007C1CAB /* imageDiretoriaExecutivaManoel@2x.png in Resources */ = {isa = PBXBuildFile; fileRef = EB37AE0724633112007C1CAB /* imageDiretoriaExecutivaManoel@2x.png */; };
		EB37AE1D24633114007C1CAB /* imageDiretoriaExecutivaManoel@3x.png in Resources */ = {isa = PBXBuildFile; fileRef = EB37AE0824633113007C1CAB /* imageDiretoriaExecutivaManoel@3x.png */; };
		EB37AE1E24633114007C1CAB /* imageDiretoriaExecutivaRubens.png in Resources */ = {isa = PBXBuildFile; fileRef = EB37AE0924633113007C1CAB /* imageDiretoriaExecutivaRubens.png */; };
		EB37AE1F24633114007C1CAB /* imageDiretoriaExecutivaValdir.png in Resources */ = {isa = PBXBuildFile; fileRef = EB37AE0A24633113007C1CAB /* imageDiretoriaExecutivaValdir.png */; };
		EB37AE2024633114007C1CAB /* imageDiretoriaExecutivaJoao.png in Resources */ = {isa = PBXBuildFile; fileRef = EB37AE0B24633113007C1CAB /* imageDiretoriaExecutivaJoao.png */; };
		EB37AE2124633114007C1CAB /* imageDiretoriaExecutivaGilberto@3x.png in Resources */ = {isa = PBXBuildFile; fileRef = EB37AE0C24633113007C1CAB /* imageDiretoriaExecutivaGilberto@3x.png */; };
		EB37AE2224633114007C1CAB /* imageDiretoriaExecutivaEdimundo.png in Resources */ = {isa = PBXBuildFile; fileRef = EB37AE0D24633113007C1CAB /* imageDiretoriaExecutivaEdimundo.png */; };
		EB37AE2324633114007C1CAB /* imageDiretoriaExecutivaManoel.png in Resources */ = {isa = PBXBuildFile; fileRef = EB37AE0E24633113007C1CAB /* imageDiretoriaExecutivaManoel.png */; };
		EB37AE2424633114007C1CAB /* imageDiretoriaExecutivaFrancisco@3x.png in Resources */ = {isa = PBXBuildFile; fileRef = EB37AE0F24633113007C1CAB /* imageDiretoriaExecutivaFrancisco@3x.png */; };
		EB37AE2524633114007C1CAB /* imageDiretoriaExecutivaFrancisco.png in Resources */ = {isa = PBXBuildFile; fileRef = EB37AE1024633114007C1CAB /* imageDiretoriaExecutivaFrancisco.png */; };
		EB45BE04245F6AD100618AF3 /* imageButtonBackMenu@3x.png in Resources */ = {isa = PBXBuildFile; fileRef = EB45BE01245F6AD000618AF3 /* imageButtonBackMenu@3x.png */; };
		EB45BE05245F6AD100618AF3 /* imageButtonBackMenu.png in Resources */ = {isa = PBXBuildFile; fileRef = EB45BE02245F6AD100618AF3 /* imageButtonBackMenu.png */; };
		EB45BE06245F6AD100618AF3 /* imageButtonBackMenu@2x.png in Resources */ = {isa = PBXBuildFile; fileRef = EB45BE03245F6AD100618AF3 /* imageButtonBackMenu@2x.png */; };
		EB535727245F546200D133C5 /* Montserrat-Regular.otf in Resources */ = {isa = PBXBuildFile; fileRef = EB535710245F4ADB00D133C5 /* Montserrat-Regular.otf */; };
		EB535728245F546B00D133C5 /* Montserrat-Bold.otf in Resources */ = {isa = PBXBuildFile; fileRef = EB535705245F4AD900D133C5 /* Montserrat-Bold.otf */; };
		EB53573C245F640700D133C5 /* ShintorespDiretoriaExecutivaViewController.swift in Sources */ = {isa = PBXBuildFile; fileRef = EB53573B245F640700D133C5 /* ShintorespDiretoriaExecutivaViewController.swift */; };
		EB53573E245F649D00D133C5 /* SinhorespDiretoriaSinthorespViewController.swift in Sources */ = {isa = PBXBuildFile; fileRef = EB53573D245F649D00D133C5 /* SinhorespDiretoriaSinthorespViewController.swift */; };
		EB535740245F64BC00D133C5 /* SinthorespConselhoRepresentacaoViewController.swift in Sources */ = {isa = PBXBuildFile; fileRef = EB53573F245F64BC00D133C5 /* SinthorespConselhoRepresentacaoViewController.swift */; };
		EB611CB72493C89700767707 /* ServiceBolsaEmpregosViewController.swift in Sources */ = {isa = PBXBuildFile; fileRef = EB611CB62493C89700767707 /* ServiceBolsaEmpregosViewController.swift */; };
		EB61A8E324639FFA0097575F /* imageBaseLine@3x.png in Resources */ = {isa = PBXBuildFile; fileRef = EB61A8E024639FF90097575F /* imageBaseLine@3x.png */; };
		EB61A8E424639FFA0097575F /* imageBaseLine@2x.png in Resources */ = {isa = PBXBuildFile; fileRef = EB61A8E124639FF90097575F /* imageBaseLine@2x.png */; };
		EB61A8E524639FFA0097575F /* imageBaseLine.png in Resources */ = {isa = PBXBuildFile; fileRef = EB61A8E224639FFA0097575F /* imageBaseLine.png */; };
		EB8D846624550A2B0027133F /* imageLogoBranco@3x.png in Resources */ = {isa = PBXBuildFile; fileRef = EB8D846324550A2B0027133F /* imageLogoBranco@3x.png */; };
		EB8D846724550A2B0027133F /* imageLogoBranco.png in Resources */ = {isa = PBXBuildFile; fileRef = EB8D846424550A2B0027133F /* imageLogoBranco.png */; };
		EB8D846824550A2B0027133F /* imageLogoBranco@2x.png in Resources */ = {isa = PBXBuildFile; fileRef = EB8D846524550A2B0027133F /* imageLogoBranco@2x.png */; };
		EB8D846C245515740027133F /* imageBackgroundSP.png in Resources */ = {isa = PBXBuildFile; fileRef = EB8D8469245515740027133F /* imageBackgroundSP.png */; };
		EB8D846D245515740027133F /* imageBackgroundSP@2x.png in Resources */ = {isa = PBXBuildFile; fileRef = EB8D846A245515740027133F /* imageBackgroundSP@2x.png */; };
		EB8D846E245515740027133F /* imageBackgroundSP@3x.png in Resources */ = {isa = PBXBuildFile; fileRef = EB8D846B245515740027133F /* imageBackgroundSP@3x.png */; };
		EBA5DD33248DDA2000D60DC4 /* SummerCampDetailViewController.swift in Sources */ = {isa = PBXBuildFile; fileRef = EBA5DD32248DDA2000D60DC4 /* SummerCampDetailViewController.swift */; };
		EBAEA08324573A1A00BA7F4D /* ContactViewController.swift in Sources */ = {isa = PBXBuildFile; fileRef = EBAEA08224573A1A00BA7F4D /* ContactViewController.swift */; };
		EBC111CB249026830046CFF2 /* HeadquartersDetailsViewController.swift in Sources */ = {isa = PBXBuildFile; fileRef = EBC111CA249026830046CFF2 /* HeadquartersDetailsViewController.swift */; };
		EBD23361248A8D0900376BAE /* imagem_superior.png in Resources */ = {isa = PBXBuildFile; fileRef = EBD2335E248A8D0700376BAE /* imagem_superior.png */; };
		EBD23362248A8D0900376BAE /* imagem_superior@3x.png in Resources */ = {isa = PBXBuildFile; fileRef = EBD2335F248A8D0800376BAE /* imagem_superior@3x.png */; };
		EBD23363248A8D0900376BAE /* imagem_superior@2x.png in Resources */ = {isa = PBXBuildFile; fileRef = EBD23360248A8D0800376BAE /* imagem_superior@2x.png */; };
		EBD23367248AA1F800376BAE /* imageButtonNavegacao@3x.png in Resources */ = {isa = PBXBuildFile; fileRef = EBD23364248AA1F800376BAE /* imageButtonNavegacao@3x.png */; };
		EBD23368248AA1F800376BAE /* imageButtonNavegacao@2x.png in Resources */ = {isa = PBXBuildFile; fileRef = EBD23365248AA1F800376BAE /* imageButtonNavegacao@2x.png */; };
		EBD23369248AA1F800376BAE /* imageButtonNavegacao.png in Resources */ = {isa = PBXBuildFile; fileRef = EBD23366248AA1F800376BAE /* imageButtonNavegacao.png */; };
		EBE76D762454DD3200984CD8 /* AppDelegate.swift in Sources */ = {isa = PBXBuildFile; fileRef = EBE76D752454DD3200984CD8 /* AppDelegate.swift */; };
		EBE76D782454DD3200984CD8 /* SceneDelegate.swift in Sources */ = {isa = PBXBuildFile; fileRef = EBE76D772454DD3200984CD8 /* SceneDelegate.swift */; };
		EBE76D7A2454DD3200984CD8 /* ViewController.swift in Sources */ = {isa = PBXBuildFile; fileRef = EBE76D792454DD3200984CD8 /* ViewController.swift */; };
		EBE76D7D2454DD3200984CD8 /* Main.storyboard in Resources */ = {isa = PBXBuildFile; fileRef = EBE76D7B2454DD3200984CD8 /* Main.storyboard */; };
		EBE76D7F2454DD3800984CD8 /* Assets.xcassets in Resources */ = {isa = PBXBuildFile; fileRef = EBE76D7E2454DD3800984CD8 /* Assets.xcassets */; };
		EBE76D822454DD3800984CD8 /* LaunchScreen.storyboard in Resources */ = {isa = PBXBuildFile; fileRef = EBE76D802454DD3800984CD8 /* LaunchScreen.storyboard */; };
		EBE76D8D2454DD3800984CD8 /* SINTHORESPTests.swift in Sources */ = {isa = PBXBuildFile; fileRef = EBE76D8C2454DD3800984CD8 /* SINTHORESPTests.swift */; };
		EBE76D982454DD3800984CD8 /* SINTHORESPUITests.swift in Sources */ = {isa = PBXBuildFile; fileRef = EBE76D972454DD3800984CD8 /* SINTHORESPUITests.swift */; };
		EBFBB5B0248ED5B000F85384 /* image_colonia_caraguatatuba@3x.png in Resources */ = {isa = PBXBuildFile; fileRef = EBFBB5AA248ED5AE00F85384 /* image_colonia_caraguatatuba@3x.png */; };
		EBFBB5B1248ED5B000F85384 /* image_colonia_caraguatatuba.png in Resources */ = {isa = PBXBuildFile; fileRef = EBFBB5AB248ED5AE00F85384 /* image_colonia_caraguatatuba.png */; };
		EBFBB5B2248ED5B000F85384 /* image_colonia_caraguatatuba@2x.png in Resources */ = {isa = PBXBuildFile; fileRef = EBFBB5AC248ED5AF00F85384 /* image_colonia_caraguatatuba@2x.png */; };
		EBFBB5B3248ED5B000F85384 /* image_colonia_peruibe_oasis.png in Resources */ = {isa = PBXBuildFile; fileRef = EBFBB5AD248ED5AF00F85384 /* image_colonia_peruibe_oasis.png */; };
		EBFBB5B4248ED5B000F85384 /* image_colonia_peruibe_oasis@2x.png in Resources */ = {isa = PBXBuildFile; fileRef = EBFBB5AE248ED5AF00F85384 /* image_colonia_peruibe_oasis@2x.png */; };
		EBFBB5B5248ED5B000F85384 /* image_colonia_peruibe_oasis@3x.png in Resources */ = {isa = PBXBuildFile; fileRef = EBFBB5AF248ED5B000F85384 /* image_colonia_peruibe_oasis@3x.png */; };
		EBFBB5B9248EF2DC00F85384 /* imageButtonNavegacaoCor.png in Resources */ = {isa = PBXBuildFile; fileRef = EBFBB5B6248EF2DB00F85384 /* imageButtonNavegacaoCor.png */; };
		EBFBB5BA248EF2DC00F85384 /* imageButtonNavegacaoCor@2x.png in Resources */ = {isa = PBXBuildFile; fileRef = EBFBB5B7248EF2DB00F85384 /* imageButtonNavegacaoCor@2x.png */; };
		EBFBB5BB248EF2DC00F85384 /* imageButtonNavegacaoCor@3x.png in Resources */ = {isa = PBXBuildFile; fileRef = EBFBB5B8248EF2DC00F85384 /* imageButtonNavegacaoCor@3x.png */; };
/* End PBXBuildFile section */

/* Begin PBXContainerItemProxy section */
		EBE76D892454DD3800984CD8 /* PBXContainerItemProxy */ = {
			isa = PBXContainerItemProxy;
			containerPortal = EBE76D6A2454DD3200984CD8 /* Project object */;
			proxyType = 1;
			remoteGlobalIDString = EBE76D712454DD3200984CD8;
			remoteInfo = SINTHORESP;
		};
		EBE76D942454DD3800984CD8 /* PBXContainerItemProxy */ = {
			isa = PBXContainerItemProxy;
			containerPortal = EBE76D6A2454DD3200984CD8 /* Project object */;
			proxyType = 1;
			remoteGlobalIDString = EBE76D712454DD3200984CD8;
			remoteInfo = SINTHORESP;
		};
/* End PBXContainerItemProxy section */

/* Begin PBXFileReference section */
		EB00C593249170A10058332E /* imageButtonServiceAtivo@2x.png */ = {isa = PBXFileReference; lastKnownFileType = image.png; path = "imageButtonServiceAtivo@2x.png"; sourceTree = "<group>"; };
		EB00C594249170A10058332E /* imageButtonServiceAtivo@3x.png */ = {isa = PBXFileReference; lastKnownFileType = image.png; path = "imageButtonServiceAtivo@3x.png"; sourceTree = "<group>"; };
		EB00C595249170A10058332E /* imageButtonServiceAtivo.png */ = {isa = PBXFileReference; lastKnownFileType = image.png; path = imageButtonServiceAtivo.png; sourceTree = "<group>"; };
		EB00C599249171BC0058332E /* imageButtonConvenios@2x.png */ = {isa = PBXFileReference; lastKnownFileType = image.png; path = "imageButtonConvenios@2x.png"; sourceTree = "<group>"; };
		EB00C59A249171BC0058332E /* imageButtonConvenios.png */ = {isa = PBXFileReference; lastKnownFileType = image.png; path = imageButtonConvenios.png; sourceTree = "<group>"; };
		EB00C59B249171BC0058332E /* imageButtonConvenios@3x.png */ = {isa = PBXFileReference; lastKnownFileType = image.png; path = "imageButtonConvenios@3x.png"; sourceTree = "<group>"; };
		EB00C59F249172380058332E /* imageButtonAbrangencia.png */ = {isa = PBXFileReference; lastKnownFileType = image.png; path = imageButtonAbrangencia.png; sourceTree = "<group>"; };
		EB00C5A0249172380058332E /* imageButtonAbrangencia@2x.png */ = {isa = PBXFileReference; lastKnownFileType = image.png; path = "imageButtonAbrangencia@2x.png"; sourceTree = "<group>"; };
		EB00C5A1249172380058332E /* imageButtonAbrangencia@3x.png */ = {isa = PBXFileReference; lastKnownFileType = image.png; path = "imageButtonAbrangencia@3x.png"; sourceTree = "<group>"; };
		EB00C5A62491754F0058332E /* HeadquarterServicesGuaruhosViewController.swift */ = {isa = PBXFileReference; lastKnownFileType = sourcecode.swift; path = HeadquarterServicesGuaruhosViewController.swift; sourceTree = "<group>"; };
		EB00C5A8249286E80058332E /* HeadquarterServiceDetailsViewController.swift */ = {isa = PBXFileReference; lastKnownFileType = sourcecode.swift; path = HeadquarterServiceDetailsViewController.swift; sourceTree = "<group>"; };
		EB00C5AA249297F80058332E /* HeadquarterAbrangenciaViewController.swift */ = {isa = PBXFileReference; lastKnownFileType = sourcecode.swift; path = HeadquarterAbrangenciaViewController.swift; sourceTree = "<group>"; };
		EB00C5AD2492B2680058332E /* image_servico_atendimento_medico.png */ = {isa = PBXFileReference; lastKnownFileType = image.png; path = image_servico_atendimento_medico.png; sourceTree = "<group>"; };
		EB00C5AE2492B2680058332E /* image_servico_atendimento_medico@3x.png */ = {isa = PBXFileReference; lastKnownFileType = image.png; path = "image_servico_atendimento_medico@3x.png"; sourceTree = "<group>"; };
		EB00C5AF2492B2680058332E /* image_servico_atendimento_medico@2x.png */ = {isa = PBXFileReference; lastKnownFileType = image.png; path = "image_servico_atendimento_medico@2x.png"; sourceTree = "<group>"; };
		EB00C5B32492B2F30058332E /* ServiceAtendimentoMedicoViewController.swift */ = {isa = PBXFileReference; lastKnownFileType = sourcecode.swift; path = ServiceAtendimentoMedicoViewController.swift; sourceTree = "<group>"; };
		EB00C5B52492D1D50058332E /* ServiceEscolaViewController.swift */ = {isa = PBXFileReference; lastKnownFileType = sourcecode.swift; path = ServiceEscolaViewController.swift; sourceTree = "<group>"; };
		EB00C5B72492E0B90058332E /* ServiceEscolaDetailViewController.swift */ = {isa = PBXFileReference; lastKnownFileType = sourcecode.swift; path = ServiceEscolaDetailViewController.swift; sourceTree = "<group>"; };
		EB026A1024573555009A784E /* HeadquartersViewController.swift */ = {isa = PBXFileReference; lastKnownFileType = sourcecode.swift; path = HeadquartersViewController.swift; sourceTree = "<group>"; };
		EB026A14245735A0009A784E /* ServiceViewController.swift */ = {isa = PBXFileReference; lastKnownFileType = sourcecode.swift; path = ServiceViewController.swift; sourceTree = "<group>"; };
		EB026A16245735B6009A784E /* SummerCampViewController.swift */ = {isa = PBXFileReference; lastKnownFileType = sourcecode.swift; path = SummerCampViewController.swift; sourceTree = "<group>"; };
		EB026A18245735C8009A784E /* JoinViewController.swift */ = {isa = PBXFileReference; lastKnownFileType = sourcecode.swift; path = JoinViewController.swift; sourceTree = "<group>"; };
		EB026A1A245735DC009A784E /* ConventionViewController.swift */ = {isa = PBXFileReference; lastKnownFileType = sourcecode.swift; path = ConventionViewController.swift; sourceTree = "<group>"; };
		EB242BC32455289E00A4F49D /* SinthorespViewController.swift */ = {isa = PBXFileReference; lastKnownFileType = sourcecode.swift; path = SinthorespViewController.swift; sourceTree = "<group>"; };
		EB242BC524552F3D00A4F49D /* imageButtonSinthoresp@3x.png */ = {isa = PBXFileReference; lastKnownFileType = image.png; path = "imageButtonSinthoresp@3x.png"; sourceTree = "<group>"; };
		EB242BC624552F3D00A4F49D /* imageButtonSinthoresp@2x.png */ = {isa = PBXFileReference; lastKnownFileType = image.png; path = "imageButtonSinthoresp@2x.png"; sourceTree = "<group>"; };
		EB242BC724552F3E00A4F49D /* imageButtonSinthoresp.png */ = {isa = PBXFileReference; lastKnownFileType = image.png; path = imageButtonSinthoresp.png; sourceTree = "<group>"; };
		EB242BCB2455326700A4F49D /* imageButtonHeadquarters@3x.png */ = {isa = PBXFileReference; lastKnownFileType = image.png; path = "imageButtonHeadquarters@3x.png"; sourceTree = "<group>"; };
		EB242BCC2455326700A4F49D /* imageButtonHeadquarters.png */ = {isa = PBXFileReference; lastKnownFileType = image.png; path = imageButtonHeadquarters.png; sourceTree = "<group>"; };
		EB242BCD2455326700A4F49D /* imageButtonHeadquarters@2x.png */ = {isa = PBXFileReference; lastKnownFileType = image.png; path = "imageButtonHeadquarters@2x.png"; sourceTree = "<group>"; };
		EB242BD12455389B00A4F49D /* imageButtonJoin@2x.png */ = {isa = PBXFileReference; lastKnownFileType = image.png; path = "imageButtonJoin@2x.png"; sourceTree = "<group>"; };
		EB242BD22455389B00A4F49D /* imageButtonJoin@3x.png */ = {isa = PBXFileReference; lastKnownFileType = image.png; path = "imageButtonJoin@3x.png"; sourceTree = "<group>"; };
		EB242BD32455389B00A4F49D /* imageButtonJoin.png */ = {isa = PBXFileReference; lastKnownFileType = image.png; path = imageButtonJoin.png; sourceTree = "<group>"; };
		EB242BD52455389B00A4F49D /* imageButtonService@2x.png */ = {isa = PBXFileReference; lastKnownFileType = image.png; path = "imageButtonService@2x.png"; sourceTree = "<group>"; };
		EB242BD62455389B00A4F49D /* imageButtonSummerCamp.png */ = {isa = PBXFileReference; lastKnownFileType = image.png; path = imageButtonSummerCamp.png; sourceTree = "<group>"; };
		EB242BD82455389C00A4F49D /* imageButtonSummerCamp@2x.png */ = {isa = PBXFileReference; lastKnownFileType = image.png; path = "imageButtonSummerCamp@2x.png"; sourceTree = "<group>"; };
		EB242BD92455389C00A4F49D /* imageButtonService@3x.png */ = {isa = PBXFileReference; lastKnownFileType = image.png; path = "imageButtonService@3x.png"; sourceTree = "<group>"; };
		EB242BDA2455389C00A4F49D /* imageButtonConvention.png */ = {isa = PBXFileReference; lastKnownFileType = image.png; path = imageButtonConvention.png; sourceTree = "<group>"; };
		EB242BDC2455389C00A4F49D /* imageButtonConvention@2x.png */ = {isa = PBXFileReference; lastKnownFileType = image.png; path = "imageButtonConvention@2x.png"; sourceTree = "<group>"; };
		EB242BDD2455389C00A4F49D /* imageButtonConvention@3x.png */ = {isa = PBXFileReference; lastKnownFileType = image.png; path = "imageButtonConvention@3x.png"; sourceTree = "<group>"; };
		EB242BDE2455389D00A4F49D /* imageButtonService.png */ = {isa = PBXFileReference; lastKnownFileType = image.png; path = imageButtonService.png; sourceTree = "<group>"; };
		EB242BDF2455389D00A4F49D /* imageButtonSummerCamp@3x.png */ = {isa = PBXFileReference; lastKnownFileType = image.png; path = "imageButtonSummerCamp@3x.png"; sourceTree = "<group>"; };
		EB242BEF24553A2B00A4F49D /* imageButtonContact.png */ = {isa = PBXFileReference; lastKnownFileType = image.png; path = imageButtonContact.png; sourceTree = "<group>"; };
		EB242BF024553A2B00A4F49D /* imageButtonContact@2x.png */ = {isa = PBXFileReference; lastKnownFileType = image.png; path = "imageButtonContact@2x.png"; sourceTree = "<group>"; };
		EB242BF124553A2B00A4F49D /* imageButtonContact@3x.png */ = {isa = PBXFileReference; lastKnownFileType = image.png; path = "imageButtonContact@3x.png"; sourceTree = "<group>"; };
		EB242BFB24555A2A00A4F49D /* imageButtonBack@2x.png */ = {isa = PBXFileReference; lastKnownFileType = image.png; path = "imageButtonBack@2x.png"; sourceTree = "<group>"; };
		EB242BFC24555A2A00A4F49D /* imageButtonBack@3x.png */ = {isa = PBXFileReference; lastKnownFileType = image.png; path = "imageButtonBack@3x.png"; sourceTree = "<group>"; };
		EB242BFD24555A2B00A4F49D /* imageButtonBack.png */ = {isa = PBXFileReference; lastKnownFileType = image.png; path = imageButtonBack.png; sourceTree = "<group>"; };
		EB37ADFC24633111007C1CAB /* imageDiretoriaExecutivaEdimundo@2x.png */ = {isa = PBXFileReference; lastKnownFileType = image.png; path = "imageDiretoriaExecutivaEdimundo@2x.png"; sourceTree = "<group>"; };
		EB37ADFD24633111007C1CAB /* imageDiretoriaExecutivaEdimundo@3x.png */ = {isa = PBXFileReference; lastKnownFileType = image.png; path = "imageDiretoriaExecutivaEdimundo@3x.png"; sourceTree = "<group>"; };
		EB37ADFE24633111007C1CAB /* imageDiretoriaExecutivaGilberto.png */ = {isa = PBXFileReference; lastKnownFileType = image.png; path = imageDiretoriaExecutivaGilberto.png; sourceTree = "<group>"; };
		EB37ADFF24633111007C1CAB /* imageDiretoriaExecutivaRubens@3x.png */ = {isa = PBXFileReference; lastKnownFileType = image.png; path = "imageDiretoriaExecutivaRubens@3x.png"; sourceTree = "<group>"; };
		EB37AE0024633111007C1CAB /* imageDiretoriaExecutivaJoao@2x.png */ = {isa = PBXFileReference; lastKnownFileType = image.png; path = "imageDiretoriaExecutivaJoao@2x.png"; sourceTree = "<group>"; };
		EB37AE0124633112007C1CAB /* imageDiretoriaExecutivaJoao@3x.png */ = {isa = PBXFileReference; lastKnownFileType = image.png; path = "imageDiretoriaExecutivaJoao@3x.png"; sourceTree = "<group>"; };
		EB37AE0224633112007C1CAB /* imageDiretoriaExecutivaValdir@3x.png */ = {isa = PBXFileReference; lastKnownFileType = image.png; path = "imageDiretoriaExecutivaValdir@3x.png"; sourceTree = "<group>"; };
		EB37AE0324633112007C1CAB /* imageDiretoriaExecutivaValdir@2x.png */ = {isa = PBXFileReference; lastKnownFileType = image.png; path = "imageDiretoriaExecutivaValdir@2x.png"; sourceTree = "<group>"; };
		EB37AE0424633112007C1CAB /* imageDiretoriaExecutivaGilberto@2x.png */ = {isa = PBXFileReference; lastKnownFileType = image.png; path = "imageDiretoriaExecutivaGilberto@2x.png"; sourceTree = "<group>"; };
		EB37AE0524633112007C1CAB /* imageDiretoriaExecutivaFrancisco@2x.png */ = {isa = PBXFileReference; lastKnownFileType = image.png; path = "imageDiretoriaExecutivaFrancisco@2x.png"; sourceTree = "<group>"; };
		EB37AE0624633112007C1CAB /* imageDiretoriaExecutivaRubens@2x.png */ = {isa = PBXFileReference; lastKnownFileType = image.png; path = "imageDiretoriaExecutivaRubens@2x.png"; sourceTree = "<group>"; };
		EB37AE0724633112007C1CAB /* imageDiretoriaExecutivaManoel@2x.png */ = {isa = PBXFileReference; lastKnownFileType = image.png; path = "imageDiretoriaExecutivaManoel@2x.png"; sourceTree = "<group>"; };
		EB37AE0824633113007C1CAB /* imageDiretoriaExecutivaManoel@3x.png */ = {isa = PBXFileReference; lastKnownFileType = image.png; path = "imageDiretoriaExecutivaManoel@3x.png"; sourceTree = "<group>"; };
		EB37AE0924633113007C1CAB /* imageDiretoriaExecutivaRubens.png */ = {isa = PBXFileReference; lastKnownFileType = image.png; path = imageDiretoriaExecutivaRubens.png; sourceTree = "<group>"; };
		EB37AE0A24633113007C1CAB /* imageDiretoriaExecutivaValdir.png */ = {isa = PBXFileReference; lastKnownFileType = image.png; path = imageDiretoriaExecutivaValdir.png; sourceTree = "<group>"; };
		EB37AE0B24633113007C1CAB /* imageDiretoriaExecutivaJoao.png */ = {isa = PBXFileReference; lastKnownFileType = image.png; path = imageDiretoriaExecutivaJoao.png; sourceTree = "<group>"; };
		EB37AE0C24633113007C1CAB /* imageDiretoriaExecutivaGilberto@3x.png */ = {isa = PBXFileReference; lastKnownFileType = image.png; path = "imageDiretoriaExecutivaGilberto@3x.png"; sourceTree = "<group>"; };
		EB37AE0D24633113007C1CAB /* imageDiretoriaExecutivaEdimundo.png */ = {isa = PBXFileReference; lastKnownFileType = image.png; path = imageDiretoriaExecutivaEdimundo.png; sourceTree = "<group>"; };
		EB37AE0E24633113007C1CAB /* imageDiretoriaExecutivaManoel.png */ = {isa = PBXFileReference; lastKnownFileType = image.png; path = imageDiretoriaExecutivaManoel.png; sourceTree = "<group>"; };
		EB37AE0F24633113007C1CAB /* imageDiretoriaExecutivaFrancisco@3x.png */ = {isa = PBXFileReference; lastKnownFileType = image.png; path = "imageDiretoriaExecutivaFrancisco@3x.png"; sourceTree = "<group>"; };
		EB37AE1024633114007C1CAB /* imageDiretoriaExecutivaFrancisco.png */ = {isa = PBXFileReference; lastKnownFileType = image.png; path = imageDiretoriaExecutivaFrancisco.png; sourceTree = "<group>"; };
		EB45BE01245F6AD000618AF3 /* imageButtonBackMenu@3x.png */ = {isa = PBXFileReference; lastKnownFileType = image.png; path = "imageButtonBackMenu@3x.png"; sourceTree = "<group>"; };
		EB45BE02245F6AD100618AF3 /* imageButtonBackMenu.png */ = {isa = PBXFileReference; lastKnownFileType = image.png; path = imageButtonBackMenu.png; sourceTree = "<group>"; };
		EB45BE03245F6AD100618AF3 /* imageButtonBackMenu@2x.png */ = {isa = PBXFileReference; lastKnownFileType = image.png; path = "imageButtonBackMenu@2x.png"; sourceTree = "<group>"; };
		EB535703245F4AD800D133C5 /* Montserrat-ExtraBold.otf */ = {isa = PBXFileReference; lastKnownFileType = file; path = "Montserrat-ExtraBold.otf"; sourceTree = "<group>"; };
		EB535704245F4AD800D133C5 /* MontserratAlternates-SemiBoldItalic.otf */ = {isa = PBXFileReference; lastKnownFileType = file; path = "MontserratAlternates-SemiBoldItalic.otf"; sourceTree = "<group>"; };
		EB535705245F4AD900D133C5 /* Montserrat-Bold.otf */ = {isa = PBXFileReference; lastKnownFileType = file; path = "Montserrat-Bold.otf"; sourceTree = "<group>"; };
		EB535706245F4AD900D133C5 /* MontserratAlternates-ExtraLight.otf */ = {isa = PBXFileReference; lastKnownFileType = file; path = "MontserratAlternates-ExtraLight.otf"; sourceTree = "<group>"; };
		EB535707245F4AD900D133C5 /* Montserrat-Medium.otf */ = {isa = PBXFileReference; lastKnownFileType = file; path = "Montserrat-Medium.otf"; sourceTree = "<group>"; };
		EB535708245F4AD900D133C5 /* MontserratAlternates-Black.otf */ = {isa = PBXFileReference; lastKnownFileType = file; path = "MontserratAlternates-Black.otf"; sourceTree = "<group>"; };
		EB535709245F4AD900D133C5 /* Montserrat-ThinItalic.otf */ = {isa = PBXFileReference; lastKnownFileType = file; path = "Montserrat-ThinItalic.otf"; sourceTree = "<group>"; };
		EB53570A245F4ADA00D133C5 /* Montserrat-Black.otf */ = {isa = PBXFileReference; lastKnownFileType = file; path = "Montserrat-Black.otf"; sourceTree = "<group>"; };
		EB53570B245F4ADA00D133C5 /* MontserratAlternates-BlackItalic.otf */ = {isa = PBXFileReference; lastKnownFileType = file; path = "MontserratAlternates-BlackItalic.otf"; sourceTree = "<group>"; };
		EB53570C245F4ADA00D133C5 /* MontserratAlternates-Italic.otf */ = {isa = PBXFileReference; lastKnownFileType = file; path = "MontserratAlternates-Italic.otf"; sourceTree = "<group>"; };
		EB53570D245F4ADA00D133C5 /* MontserratAlternates-ExtraBold.otf */ = {isa = PBXFileReference; lastKnownFileType = file; path = "MontserratAlternates-ExtraBold.otf"; sourceTree = "<group>"; };
		EB53570E245F4ADB00D133C5 /* MontserratAlternates-ExtraLightItalic.otf */ = {isa = PBXFileReference; lastKnownFileType = file; path = "MontserratAlternates-ExtraLightItalic.otf"; sourceTree = "<group>"; };
		EB53570F245F4ADB00D133C5 /* Montserrat-BlackItalic.otf */ = {isa = PBXFileReference; lastKnownFileType = file; path = "Montserrat-BlackItalic.otf"; sourceTree = "<group>"; };
		EB535710245F4ADB00D133C5 /* Montserrat-Regular.otf */ = {isa = PBXFileReference; lastKnownFileType = file; path = "Montserrat-Regular.otf"; sourceTree = "<group>"; };
		EB535711245F4ADC00D133C5 /* Montserrat-Light.otf */ = {isa = PBXFileReference; lastKnownFileType = file; path = "Montserrat-Light.otf"; sourceTree = "<group>"; };
		EB535712245F4ADC00D133C5 /* MontserratAlternates-ThinItalic.otf */ = {isa = PBXFileReference; lastKnownFileType = file; path = "MontserratAlternates-ThinItalic.otf"; sourceTree = "<group>"; };
		EB535713245F4ADC00D133C5 /* MontserratAlternates-BoldItalic.otf */ = {isa = PBXFileReference; lastKnownFileType = file; path = "MontserratAlternates-BoldItalic.otf"; sourceTree = "<group>"; };
		EB535714245F4ADC00D133C5 /* MontserratAlternates-Medium.otf */ = {isa = PBXFileReference; lastKnownFileType = file; path = "MontserratAlternates-Medium.otf"; sourceTree = "<group>"; };
		EB535715245F4ADD00D133C5 /* MontserratAlternates-Light.otf */ = {isa = PBXFileReference; lastKnownFileType = file; path = "MontserratAlternates-Light.otf"; sourceTree = "<group>"; };
		EB535716245F4ADD00D133C5 /* MontserratAlternates-Regular.otf */ = {isa = PBXFileReference; lastKnownFileType = file; path = "MontserratAlternates-Regular.otf"; sourceTree = "<group>"; };
		EB535717245F4ADE00D133C5 /* Montserrat-Thin.otf */ = {isa = PBXFileReference; lastKnownFileType = file; path = "Montserrat-Thin.otf"; sourceTree = "<group>"; };
		EB535718245F4ADE00D133C5 /* MontserratAlternates-SemiBold.otf */ = {isa = PBXFileReference; lastKnownFileType = file; path = "MontserratAlternates-SemiBold.otf"; sourceTree = "<group>"; };
		EB535719245F4ADF00D133C5 /* Montserrat-ExtraLightItalic.otf */ = {isa = PBXFileReference; lastKnownFileType = file; path = "Montserrat-ExtraLightItalic.otf"; sourceTree = "<group>"; };
		EB53571A245F4ADF00D133C5 /* Montserrat-LightItalic.otf */ = {isa = PBXFileReference; lastKnownFileType = file; path = "Montserrat-LightItalic.otf"; sourceTree = "<group>"; };
		EB53571B245F4AE000D133C5 /* Montserrat-BoldItalic.otf */ = {isa = PBXFileReference; lastKnownFileType = file; path = "Montserrat-BoldItalic.otf"; sourceTree = "<group>"; };
		EB53571C245F4AE000D133C5 /* Montserrat-SemiBoldItalic.otf */ = {isa = PBXFileReference; lastKnownFileType = file; path = "Montserrat-SemiBoldItalic.otf"; sourceTree = "<group>"; };
		EB53571D245F4AE100D133C5 /* MontserratAlternates-ExtraBoldItalic.otf */ = {isa = PBXFileReference; lastKnownFileType = file; path = "MontserratAlternates-ExtraBoldItalic.otf"; sourceTree = "<group>"; };
		EB53571E245F4AE100D133C5 /* Montserrat-ExtraBoldItalic.otf */ = {isa = PBXFileReference; lastKnownFileType = file; path = "Montserrat-ExtraBoldItalic.otf"; sourceTree = "<group>"; };
		EB53571F245F4AE100D133C5 /* Montserrat-Italic.otf */ = {isa = PBXFileReference; lastKnownFileType = file; path = "Montserrat-Italic.otf"; sourceTree = "<group>"; };
		EB535720245F4AE200D133C5 /* MontserratAlternates-LightItalic.otf */ = {isa = PBXFileReference; lastKnownFileType = file; path = "MontserratAlternates-LightItalic.otf"; sourceTree = "<group>"; };
		EB535721245F4AE200D133C5 /* Montserrat-MediumItalic.otf */ = {isa = PBXFileReference; lastKnownFileType = file; path = "Montserrat-MediumItalic.otf"; sourceTree = "<group>"; };
		EB535722245F4AE200D133C5 /* Montserrat-SemiBold.otf */ = {isa = PBXFileReference; lastKnownFileType = file; path = "Montserrat-SemiBold.otf"; sourceTree = "<group>"; };
		EB535723245F4AE200D133C5 /* MontserratAlternates-Thin.otf */ = {isa = PBXFileReference; lastKnownFileType = file; path = "MontserratAlternates-Thin.otf"; sourceTree = "<group>"; };
		EB535724245F4AE300D133C5 /* MontserratAlternates-Bold.otf */ = {isa = PBXFileReference; lastKnownFileType = file; path = "MontserratAlternates-Bold.otf"; sourceTree = "<group>"; };
		EB535725245F4AE300D133C5 /* Montserrat-ExtraLight.otf */ = {isa = PBXFileReference; lastKnownFileType = file; path = "Montserrat-ExtraLight.otf"; sourceTree = "<group>"; };
		EB535726245F4AE400D133C5 /* MontserratAlternates-MediumItalic.otf */ = {isa = PBXFileReference; lastKnownFileType = file; path = "MontserratAlternates-MediumItalic.otf"; sourceTree = "<group>"; };
		EB53573B245F640700D133C5 /* ShintorespDiretoriaExecutivaViewController.swift */ = {isa = PBXFileReference; lastKnownFileType = sourcecode.swift; path = ShintorespDiretoriaExecutivaViewController.swift; sourceTree = "<group>"; };
		EB53573D245F649D00D133C5 /* SinhorespDiretoriaSinthorespViewController.swift */ = {isa = PBXFileReference; lastKnownFileType = sourcecode.swift; path = SinhorespDiretoriaSinthorespViewController.swift; sourceTree = "<group>"; };
		EB53573F245F64BC00D133C5 /* SinthorespConselhoRepresentacaoViewController.swift */ = {isa = PBXFileReference; lastKnownFileType = sourcecode.swift; path = SinthorespConselhoRepresentacaoViewController.swift; sourceTree = "<group>"; };
		EB611CB62493C89700767707 /* ServiceBolsaEmpregosViewController.swift */ = {isa = PBXFileReference; lastKnownFileType = sourcecode.swift; path = ServiceBolsaEmpregosViewController.swift; sourceTree = "<group>"; };
		EB61A8E024639FF90097575F /* imageBaseLine@3x.png */ = {isa = PBXFileReference; lastKnownFileType = image.png; path = "imageBaseLine@3x.png"; sourceTree = "<group>"; };
		EB61A8E124639FF90097575F /* imageBaseLine@2x.png */ = {isa = PBXFileReference; lastKnownFileType = image.png; path = "imageBaseLine@2x.png"; sourceTree = "<group>"; };
		EB61A8E224639FFA0097575F /* imageBaseLine.png */ = {isa = PBXFileReference; lastKnownFileType = image.png; path = imageBaseLine.png; sourceTree = "<group>"; };
		EB8D846324550A2B0027133F /* imageLogoBranco@3x.png */ = {isa = PBXFileReference; lastKnownFileType = image.png; path = "imageLogoBranco@3x.png"; sourceTree = "<group>"; };
		EB8D846424550A2B0027133F /* imageLogoBranco.png */ = {isa = PBXFileReference; lastKnownFileType = image.png; path = imageLogoBranco.png; sourceTree = "<group>"; };
		EB8D846524550A2B0027133F /* imageLogoBranco@2x.png */ = {isa = PBXFileReference; lastKnownFileType = image.png; path = "imageLogoBranco@2x.png"; sourceTree = "<group>"; };
		EB8D8469245515740027133F /* imageBackgroundSP.png */ = {isa = PBXFileReference; lastKnownFileType = image.png; path = imageBackgroundSP.png; sourceTree = "<group>"; };
		EB8D846A245515740027133F /* imageBackgroundSP@2x.png */ = {isa = PBXFileReference; lastKnownFileType = image.png; path = "imageBackgroundSP@2x.png"; sourceTree = "<group>"; };
		EB8D846B245515740027133F /* imageBackgroundSP@3x.png */ = {isa = PBXFileReference; lastKnownFileType = image.png; path = "imageBackgroundSP@3x.png"; sourceTree = "<group>"; };
		EBA5DD32248DDA2000D60DC4 /* SummerCampDetailViewController.swift */ = {isa = PBXFileReference; lastKnownFileType = sourcecode.swift; path = SummerCampDetailViewController.swift; sourceTree = "<group>"; };
		EBAEA08224573A1A00BA7F4D /* ContactViewController.swift */ = {isa = PBXFileReference; lastKnownFileType = sourcecode.swift; path = ContactViewController.swift; sourceTree = "<group>"; };
		EBC111CA249026830046CFF2 /* HeadquartersDetailsViewController.swift */ = {isa = PBXFileReference; lastKnownFileType = sourcecode.swift; path = HeadquartersDetailsViewController.swift; sourceTree = "<group>"; };
		EBD2335E248A8D0700376BAE /* imagem_superior.png */ = {isa = PBXFileReference; lastKnownFileType = image.png; path = imagem_superior.png; sourceTree = "<group>"; };
		EBD2335F248A8D0800376BAE /* imagem_superior@3x.png */ = {isa = PBXFileReference; lastKnownFileType = image.png; path = "imagem_superior@3x.png"; sourceTree = "<group>"; };
		EBD23360248A8D0800376BAE /* imagem_superior@2x.png */ = {isa = PBXFileReference; lastKnownFileType = image.png; path = "imagem_superior@2x.png"; sourceTree = "<group>"; };
		EBD23364248AA1F800376BAE /* imageButtonNavegacao@3x.png */ = {isa = PBXFileReference; lastKnownFileType = image.png; path = "imageButtonNavegacao@3x.png"; sourceTree = "<group>"; };
		EBD23365248AA1F800376BAE /* imageButtonNavegacao@2x.png */ = {isa = PBXFileReference; lastKnownFileType = image.png; path = "imageButtonNavegacao@2x.png"; sourceTree = "<group>"; };
		EBD23366248AA1F800376BAE /* imageButtonNavegacao.png */ = {isa = PBXFileReference; lastKnownFileType = image.png; path = imageButtonNavegacao.png; sourceTree = "<group>"; };
		EBE76D722454DD3200984CD8 /* SINTHORESP.app */ = {isa = PBXFileReference; explicitFileType = wrapper.application; includeInIndex = 0; path = SINTHORESP.app; sourceTree = BUILT_PRODUCTS_DIR; };
		EBE76D752454DD3200984CD8 /* AppDelegate.swift */ = {isa = PBXFileReference; lastKnownFileType = sourcecode.swift; path = AppDelegate.swift; sourceTree = "<group>"; };
		EBE76D772454DD3200984CD8 /* SceneDelegate.swift */ = {isa = PBXFileReference; lastKnownFileType = sourcecode.swift; path = SceneDelegate.swift; sourceTree = "<group>"; };
		EBE76D792454DD3200984CD8 /* ViewController.swift */ = {isa = PBXFileReference; lastKnownFileType = sourcecode.swift; path = ViewController.swift; sourceTree = "<group>"; };
		EBE76D7C2454DD3200984CD8 /* Base */ = {isa = PBXFileReference; lastKnownFileType = file.storyboard; name = Base; path = Base.lproj/Main.storyboard; sourceTree = "<group>"; };
		EBE76D7E2454DD3800984CD8 /* Assets.xcassets */ = {isa = PBXFileReference; lastKnownFileType = folder.assetcatalog; path = Assets.xcassets; sourceTree = "<group>"; };
		EBE76D812454DD3800984CD8 /* Base */ = {isa = PBXFileReference; lastKnownFileType = file.storyboard; name = Base; path = Base.lproj/LaunchScreen.storyboard; sourceTree = "<group>"; };
		EBE76D832454DD3800984CD8 /* Info.plist */ = {isa = PBXFileReference; lastKnownFileType = text.plist.xml; path = Info.plist; sourceTree = "<group>"; };
		EBE76D882454DD3800984CD8 /* SINTHORESPTests.xctest */ = {isa = PBXFileReference; explicitFileType = wrapper.cfbundle; includeInIndex = 0; path = SINTHORESPTests.xctest; sourceTree = BUILT_PRODUCTS_DIR; };
		EBE76D8C2454DD3800984CD8 /* SINTHORESPTests.swift */ = {isa = PBXFileReference; lastKnownFileType = sourcecode.swift; path = SINTHORESPTests.swift; sourceTree = "<group>"; };
		EBE76D8E2454DD3800984CD8 /* Info.plist */ = {isa = PBXFileReference; lastKnownFileType = text.plist.xml; path = Info.plist; sourceTree = "<group>"; };
		EBE76D932454DD3800984CD8 /* SINTHORESPUITests.xctest */ = {isa = PBXFileReference; explicitFileType = wrapper.cfbundle; includeInIndex = 0; path = SINTHORESPUITests.xctest; sourceTree = BUILT_PRODUCTS_DIR; };
		EBE76D972454DD3800984CD8 /* SINTHORESPUITests.swift */ = {isa = PBXFileReference; lastKnownFileType = sourcecode.swift; path = SINTHORESPUITests.swift; sourceTree = "<group>"; };
		EBE76D992454DD3800984CD8 /* Info.plist */ = {isa = PBXFileReference; lastKnownFileType = text.plist.xml; path = Info.plist; sourceTree = "<group>"; };
		EBFBB5AA248ED5AE00F85384 /* image_colonia_caraguatatuba@3x.png */ = {isa = PBXFileReference; lastKnownFileType = image.png; path = "image_colonia_caraguatatuba@3x.png"; sourceTree = "<group>"; };
		EBFBB5AB248ED5AE00F85384 /* image_colonia_caraguatatuba.png */ = {isa = PBXFileReference; lastKnownFileType = image.png; path = image_colonia_caraguatatuba.png; sourceTree = "<group>"; };
		EBFBB5AC248ED5AF00F85384 /* image_colonia_caraguatatuba@2x.png */ = {isa = PBXFileReference; lastKnownFileType = image.png; path = "image_colonia_caraguatatuba@2x.png"; sourceTree = "<group>"; };
		EBFBB5AD248ED5AF00F85384 /* image_colonia_peruibe_oasis.png */ = {isa = PBXFileReference; lastKnownFileType = image.png; path = image_colonia_peruibe_oasis.png; sourceTree = "<group>"; };
		EBFBB5AE248ED5AF00F85384 /* image_colonia_peruibe_oasis@2x.png */ = {isa = PBXFileReference; lastKnownFileType = image.png; path = "image_colonia_peruibe_oasis@2x.png"; sourceTree = "<group>"; };
		EBFBB5AF248ED5B000F85384 /* image_colonia_peruibe_oasis@3x.png */ = {isa = PBXFileReference; lastKnownFileType = image.png; path = "image_colonia_peruibe_oasis@3x.png"; sourceTree = "<group>"; };
		EBFBB5B6248EF2DB00F85384 /* imageButtonNavegacaoCor.png */ = {isa = PBXFileReference; lastKnownFileType = image.png; path = imageButtonNavegacaoCor.png; sourceTree = "<group>"; };
		EBFBB5B7248EF2DB00F85384 /* imageButtonNavegacaoCor@2x.png */ = {isa = PBXFileReference; lastKnownFileType = image.png; path = "imageButtonNavegacaoCor@2x.png"; sourceTree = "<group>"; };
		EBFBB5B8248EF2DC00F85384 /* imageButtonNavegacaoCor@3x.png */ = {isa = PBXFileReference; lastKnownFileType = image.png; path = "imageButtonNavegacaoCor@3x.png"; sourceTree = "<group>"; };
/* End PBXFileReference section */

/* Begin PBXFrameworksBuildPhase section */
		EBE76D6F2454DD3200984CD8 /* Frameworks */ = {
			isa = PBXFrameworksBuildPhase;
			buildActionMask = 2147483647;
			files = (
			);
			runOnlyForDeploymentPostprocessing = 0;
		};
		EBE76D852454DD3800984CD8 /* Frameworks */ = {
			isa = PBXFrameworksBuildPhase;
			buildActionMask = 2147483647;
			files = (
			);
			runOnlyForDeploymentPostprocessing = 0;
		};
		EBE76D902454DD3800984CD8 /* Frameworks */ = {
			isa = PBXFrameworksBuildPhase;
			buildActionMask = 2147483647;
			files = (
			);
			runOnlyForDeploymentPostprocessing = 0;
		};
/* End PBXFrameworksBuildPhase section */

/* Begin PBXGroup section */
		EB00C5AC2492B2450058332E /* services */ = {
			isa = PBXGroup;
			children = (
				EB00C5AD2492B2680058332E /* image_servico_atendimento_medico.png */,
				EB00C5AF2492B2680058332E /* image_servico_atendimento_medico@2x.png */,
				EB00C5AE2492B2680058332E /* image_servico_atendimento_medico@3x.png */,
			);
			path = services;
			sourceTree = "<group>";
		};
		EB0269F0245734BD009A784E /* buttons */ = {
			isa = PBXGroup;
			children = (
				EB00C59F249172380058332E /* imageButtonAbrangencia.png */,
				EB00C5A0249172380058332E /* imageButtonAbrangencia@2x.png */,
				EB00C5A1249172380058332E /* imageButtonAbrangencia@3x.png */,
				EB00C59A249171BC0058332E /* imageButtonConvenios.png */,
				EB00C599249171BC0058332E /* imageButtonConvenios@2x.png */,
				EB00C59B249171BC0058332E /* imageButtonConvenios@3x.png */,
				EB00C595249170A10058332E /* imageButtonServiceAtivo.png */,
				EB00C593249170A10058332E /* imageButtonServiceAtivo@2x.png */,
				EB00C594249170A10058332E /* imageButtonServiceAtivo@3x.png */,
				EB45BE02245F6AD100618AF3 /* imageButtonBackMenu.png */,
				EB45BE03245F6AD100618AF3 /* imageButtonBackMenu@2x.png */,
				EB45BE01245F6AD000618AF3 /* imageButtonBackMenu@3x.png */,
				EB242BFD24555A2B00A4F49D /* imageButtonBack.png */,
				EB242BFB24555A2A00A4F49D /* imageButtonBack@2x.png */,
				EB242BFC24555A2A00A4F49D /* imageButtonBack@3x.png */,
				EB242BEF24553A2B00A4F49D /* imageButtonContact.png */,
				EB242BF024553A2B00A4F49D /* imageButtonContact@2x.png */,
				EB242BF124553A2B00A4F49D /* imageButtonContact@3x.png */,
				EB242BDA2455389C00A4F49D /* imageButtonConvention.png */,
				EB242BDC2455389C00A4F49D /* imageButtonConvention@2x.png */,
				EB242BDD2455389C00A4F49D /* imageButtonConvention@3x.png */,
				EB242BD32455389B00A4F49D /* imageButtonJoin.png */,
				EB242BD12455389B00A4F49D /* imageButtonJoin@2x.png */,
				EB242BD22455389B00A4F49D /* imageButtonJoin@3x.png */,
				EB242BDE2455389D00A4F49D /* imageButtonService.png */,
				EB242BD52455389B00A4F49D /* imageButtonService@2x.png */,
				EB242BD92455389C00A4F49D /* imageButtonService@3x.png */,
				EB242BD62455389B00A4F49D /* imageButtonSummerCamp.png */,
				EB242BD82455389C00A4F49D /* imageButtonSummerCamp@2x.png */,
				EB242BDF2455389D00A4F49D /* imageButtonSummerCamp@3x.png */,
				EB242BCC2455326700A4F49D /* imageButtonHeadquarters.png */,
				EB242BCD2455326700A4F49D /* imageButtonHeadquarters@2x.png */,
				EB242BCB2455326700A4F49D /* imageButtonHeadquarters@3x.png */,
				EB242BC724552F3E00A4F49D /* imageButtonSinthoresp.png */,
				EB242BC624552F3D00A4F49D /* imageButtonSinthoresp@2x.png */,
				EB242BC524552F3D00A4F49D /* imageButtonSinthoresp@3x.png */,
			);
			path = buttons;
			sourceTree = "<group>";
		};
		EB026A1224573563009A784E /* ViewControllers */ = {
			isa = PBXGroup;
			children = (
				EBAEA08224573A1A00BA7F4D /* ContactViewController.swift */,
				EB026A1A245735DC009A784E /* ConventionViewController.swift */,
				EB026A1024573555009A784E /* HeadquartersViewController.swift */,
				EBC111CA249026830046CFF2 /* HeadquartersDetailsViewController.swift */,
				EB00C5A62491754F0058332E /* HeadquarterServicesGuaruhosViewController.swift */,
				EB00C5A8249286E80058332E /* HeadquarterServiceDetailsViewController.swift */,
				EB00C5AA249297F80058332E /* HeadquarterAbrangenciaViewController.swift */,
				EB026A18245735C8009A784E /* JoinViewController.swift */,
				EB026A14245735A0009A784E /* ServiceViewController.swift */,
				EB00C5B32492B2F30058332E /* ServiceAtendimentoMedicoViewController.swift */,
				EB00C5B52492D1D50058332E /* ServiceEscolaViewController.swift */,
				EB00C5B72492E0B90058332E /* ServiceEscolaDetailViewController.swift */,
				EB611CB62493C89700767707 /* ServiceBolsaEmpregosViewController.swift */,
				EB53573B245F640700D133C5 /* ShintorespDiretoriaExecutivaViewController.swift */,
				EB242BC32455289E00A4F49D /* SinthorespViewController.swift */,
				EB026A16245735B6009A784E /* SummerCampViewController.swift */,
				EBA5DD32248DDA2000D60DC4 /* SummerCampDetailViewController.swift */,
				EBE76D792454DD3200984CD8 /* ViewController.swift */,
				EB53573D245F649D00D133C5 /* SinhorespDiretoriaSinthorespViewController.swift */,
				EB53573F245F64BC00D133C5 /* SinthorespConselhoRepresentacaoViewController.swift */,
			);
			path = ViewControllers;
			sourceTree = "<group>";
		};
		EB37ADFB246330ED007C1CAB /* directors */ = {
			isa = PBXGroup;
			children = (
				EB37AE0D24633113007C1CAB /* imageDiretoriaExecutivaEdimundo.png */,
				EB37ADFC24633111007C1CAB /* imageDiretoriaExecutivaEdimundo@2x.png */,
				EB37ADFD24633111007C1CAB /* imageDiretoriaExecutivaEdimundo@3x.png */,
				EB37AE1024633114007C1CAB /* imageDiretoriaExecutivaFrancisco.png */,
				EB37AE0524633112007C1CAB /* imageDiretoriaExecutivaFrancisco@2x.png */,
				EB37AE0F24633113007C1CAB /* imageDiretoriaExecutivaFrancisco@3x.png */,
				EB37ADFE24633111007C1CAB /* imageDiretoriaExecutivaGilberto.png */,
				EB37AE0424633112007C1CAB /* imageDiretoriaExecutivaGilberto@2x.png */,
				EB37AE0C24633113007C1CAB /* imageDiretoriaExecutivaGilberto@3x.png */,
				EB37AE0B24633113007C1CAB /* imageDiretoriaExecutivaJoao.png */,
				EB37AE0024633111007C1CAB /* imageDiretoriaExecutivaJoao@2x.png */,
				EB37AE0124633112007C1CAB /* imageDiretoriaExecutivaJoao@3x.png */,
				EB37AE0E24633113007C1CAB /* imageDiretoriaExecutivaManoel.png */,
				EB37AE0724633112007C1CAB /* imageDiretoriaExecutivaManoel@2x.png */,
				EB37AE0824633113007C1CAB /* imageDiretoriaExecutivaManoel@3x.png */,
				EB37AE0924633113007C1CAB /* imageDiretoriaExecutivaRubens.png */,
				EB37AE0624633112007C1CAB /* imageDiretoriaExecutivaRubens@2x.png */,
				EB37ADFF24633111007C1CAB /* imageDiretoriaExecutivaRubens@3x.png */,
				EB37AE0A24633113007C1CAB /* imageDiretoriaExecutivaValdir.png */,
				EB37AE0324633112007C1CAB /* imageDiretoriaExecutivaValdir@2x.png */,
				EB37AE0224633112007C1CAB /* imageDiretoriaExecutivaValdir@3x.png */,
			);
			path = directors;
			sourceTree = "<group>";
		};
		EB535702245F4ABE00D133C5 /* Fonts */ = {
			isa = PBXGroup;
			children = (
				EB53570A245F4ADA00D133C5 /* Montserrat-Black.otf */,
				EB53570F245F4ADB00D133C5 /* Montserrat-BlackItalic.otf */,
				EB535705245F4AD900D133C5 /* Montserrat-Bold.otf */,
				EB53571B245F4AE000D133C5 /* Montserrat-BoldItalic.otf */,
				EB535703245F4AD800D133C5 /* Montserrat-ExtraBold.otf */,
				EB53571E245F4AE100D133C5 /* Montserrat-ExtraBoldItalic.otf */,
				EB535725245F4AE300D133C5 /* Montserrat-ExtraLight.otf */,
				EB535719245F4ADF00D133C5 /* Montserrat-ExtraLightItalic.otf */,
				EB53571F245F4AE100D133C5 /* Montserrat-Italic.otf */,
				EB535711245F4ADC00D133C5 /* Montserrat-Light.otf */,
				EB53571A245F4ADF00D133C5 /* Montserrat-LightItalic.otf */,
				EB535707245F4AD900D133C5 /* Montserrat-Medium.otf */,
				EB535721245F4AE200D133C5 /* Montserrat-MediumItalic.otf */,
				EB535710245F4ADB00D133C5 /* Montserrat-Regular.otf */,
				EB535722245F4AE200D133C5 /* Montserrat-SemiBold.otf */,
				EB53571C245F4AE000D133C5 /* Montserrat-SemiBoldItalic.otf */,
				EB535717245F4ADE00D133C5 /* Montserrat-Thin.otf */,
				EB535709245F4AD900D133C5 /* Montserrat-ThinItalic.otf */,
				EB535708245F4AD900D133C5 /* MontserratAlternates-Black.otf */,
				EB53570B245F4ADA00D133C5 /* MontserratAlternates-BlackItalic.otf */,
				EB535724245F4AE300D133C5 /* MontserratAlternates-Bold.otf */,
				EB535713245F4ADC00D133C5 /* MontserratAlternates-BoldItalic.otf */,
				EB53570D245F4ADA00D133C5 /* MontserratAlternates-ExtraBold.otf */,
				EB53571D245F4AE100D133C5 /* MontserratAlternates-ExtraBoldItalic.otf */,
				EB535706245F4AD900D133C5 /* MontserratAlternates-ExtraLight.otf */,
				EB53570E245F4ADB00D133C5 /* MontserratAlternates-ExtraLightItalic.otf */,
				EB53570C245F4ADA00D133C5 /* MontserratAlternates-Italic.otf */,
				EB535715245F4ADD00D133C5 /* MontserratAlternates-Light.otf */,
				EB535720245F4AE200D133C5 /* MontserratAlternates-LightItalic.otf */,
				EB535714245F4ADC00D133C5 /* MontserratAlternates-Medium.otf */,
				EB535726245F4AE400D133C5 /* MontserratAlternates-MediumItalic.otf */,
				EB535716245F4ADD00D133C5 /* MontserratAlternates-Regular.otf */,
				EB535718245F4ADE00D133C5 /* MontserratAlternates-SemiBold.otf */,
				EB535704245F4AD800D133C5 /* MontserratAlternates-SemiBoldItalic.otf */,
				EB535723245F4AE200D133C5 /* MontserratAlternates-Thin.otf */,
				EB535712245F4ADC00D133C5 /* MontserratAlternates-ThinItalic.otf */,
			);
			path = Fonts;
			sourceTree = "<group>";
		};
		EBE76D692454DD3200984CD8 = {
			isa = PBXGroup;
			children = (
				EBE76D742454DD3200984CD8 /* SINTHORESP */,
				EBE76D8B2454DD3800984CD8 /* SINTHORESPTests */,
				EBE76D962454DD3800984CD8 /* SINTHORESPUITests */,
				EBE76D732454DD3200984CD8 /* Products */,
			);
			sourceTree = "<group>";
		};
		EBE76D732454DD3200984CD8 /* Products */ = {
			isa = PBXGroup;
			children = (
				EBE76D722454DD3200984CD8 /* SINTHORESP.app */,
				EBE76D882454DD3800984CD8 /* SINTHORESPTests.xctest */,
				EBE76D932454DD3800984CD8 /* SINTHORESPUITests.xctest */,
			);
			name = Products;
			sourceTree = "<group>";
		};
		EBE76D742454DD3200984CD8 /* SINTHORESP */ = {
			isa = PBXGroup;
			children = (
				EB535702245F4ABE00D133C5 /* Fonts */,
				EB026A1224573563009A784E /* ViewControllers */,
				EBE76DA52454EE6E00984CD8 /* Images */,
				EBE76D752454DD3200984CD8 /* AppDelegate.swift */,
				EBE76D772454DD3200984CD8 /* SceneDelegate.swift */,
				EBE76D7B2454DD3200984CD8 /* Main.storyboard */,
				EBE76D7E2454DD3800984CD8 /* Assets.xcassets */,
				EBE76D802454DD3800984CD8 /* LaunchScreen.storyboard */,
				EBE76D832454DD3800984CD8 /* Info.plist */,
			);
			path = SINTHORESP;
			sourceTree = "<group>";
		};
		EBE76D8B2454DD3800984CD8 /* SINTHORESPTests */ = {
			isa = PBXGroup;
			children = (
				EBE76D8C2454DD3800984CD8 /* SINTHORESPTests.swift */,
				EBE76D8E2454DD3800984CD8 /* Info.plist */,
			);
			path = SINTHORESPTests;
			sourceTree = "<group>";
		};
		EBE76D962454DD3800984CD8 /* SINTHORESPUITests */ = {
			isa = PBXGroup;
			children = (
				EBE76D972454DD3800984CD8 /* SINTHORESPUITests.swift */,
				EBE76D992454DD3800984CD8 /* Info.plist */,
			);
			path = SINTHORESPUITests;
			sourceTree = "<group>";
		};
		EBE76DA52454EE6E00984CD8 /* Images */ = {
			isa = PBXGroup;
			children = (
				EB00C5AC2492B2450058332E /* services */,
				EB37ADFB246330ED007C1CAB /* directors */,
				EBFBB5A9248ED59900F85384 /* colonias */,
				EB0269F0245734BD009A784E /* buttons */,
				EBFBB5B6248EF2DB00F85384 /* imageButtonNavegacaoCor.png */,
				EBFBB5B7248EF2DB00F85384 /* imageButtonNavegacaoCor@2x.png */,
				EBFBB5B8248EF2DC00F85384 /* imageButtonNavegacaoCor@3x.png */,
				EBD23366248AA1F800376BAE /* imageButtonNavegacao.png */,
				EBD23365248AA1F800376BAE /* imageButtonNavegacao@2x.png */,
				EBD23364248AA1F800376BAE /* imageButtonNavegacao@3x.png */,
				EBD2335E248A8D0700376BAE /* imagem_superior.png */,
				EBD23360248A8D0800376BAE /* imagem_superior@2x.png */,
				EBD2335F248A8D0800376BAE /* imagem_superior@3x.png */,
				EB61A8E224639FFA0097575F /* imageBaseLine.png */,
				EB61A8E124639FF90097575F /* imageBaseLine@2x.png */,
				EB61A8E024639FF90097575F /* imageBaseLine@3x.png */,
				EB8D8469245515740027133F /* imageBackgroundSP.png */,
				EB8D846A245515740027133F /* imageBackgroundSP@2x.png */,
				EB8D846B245515740027133F /* imageBackgroundSP@3x.png */,
				EB8D846424550A2B0027133F /* imageLogoBranco.png */,
				EB8D846524550A2B0027133F /* imageLogoBranco@2x.png */,
				EB8D846324550A2B0027133F /* imageLogoBranco@3x.png */,
			);
			path = Images;
			sourceTree = "<group>";
		};
		EBFBB5A9248ED59900F85384 /* colonias */ = {
			isa = PBXGroup;
			children = (
				EBFBB5AB248ED5AE00F85384 /* image_colonia_caraguatatuba.png */,
				EBFBB5AC248ED5AF00F85384 /* image_colonia_caraguatatuba@2x.png */,
				EBFBB5AA248ED5AE00F85384 /* image_colonia_caraguatatuba@3x.png */,
				EBFBB5AD248ED5AF00F85384 /* image_colonia_peruibe_oasis.png */,
				EBFBB5AE248ED5AF00F85384 /* image_colonia_peruibe_oasis@2x.png */,
				EBFBB5AF248ED5B000F85384 /* image_colonia_peruibe_oasis@3x.png */,
			);
			path = colonias;
			sourceTree = "<group>";
		};
/* End PBXGroup section */

/* Begin PBXNativeTarget section */
		EBE76D712454DD3200984CD8 /* SINTHORESP */ = {
			isa = PBXNativeTarget;
			buildConfigurationList = EBE76D9C2454DD3800984CD8 /* Build configuration list for PBXNativeTarget "SINTHORESP" */;
			buildPhases = (
				EBE76D6E2454DD3200984CD8 /* Sources */,
				EBE76D6F2454DD3200984CD8 /* Frameworks */,
				EBE76D702454DD3200984CD8 /* Resources */,
			);
			buildRules = (
			);
			dependencies = (
			);
			name = SINTHORESP;
			productName = SINTHORESP;
			productReference = EBE76D722454DD3200984CD8 /* SINTHORESP.app */;
			productType = "com.apple.product-type.application";
		};
		EBE76D872454DD3800984CD8 /* SINTHORESPTests */ = {
			isa = PBXNativeTarget;
			buildConfigurationList = EBE76D9F2454DD3800984CD8 /* Build configuration list for PBXNativeTarget "SINTHORESPTests" */;
			buildPhases = (
				EBE76D842454DD3800984CD8 /* Sources */,
				EBE76D852454DD3800984CD8 /* Frameworks */,
				EBE76D862454DD3800984CD8 /* Resources */,
			);
			buildRules = (
			);
			dependencies = (
				EBE76D8A2454DD3800984CD8 /* PBXTargetDependency */,
			);
			name = SINTHORESPTests;
			productName = SINTHORESPTests;
			productReference = EBE76D882454DD3800984CD8 /* SINTHORESPTests.xctest */;
			productType = "com.apple.product-type.bundle.unit-test";
		};
		EBE76D922454DD3800984CD8 /* SINTHORESPUITests */ = {
			isa = PBXNativeTarget;
			buildConfigurationList = EBE76DA22454DD3800984CD8 /* Build configuration list for PBXNativeTarget "SINTHORESPUITests" */;
			buildPhases = (
				EBE76D8F2454DD3800984CD8 /* Sources */,
				EBE76D902454DD3800984CD8 /* Frameworks */,
				EBE76D912454DD3800984CD8 /* Resources */,
			);
			buildRules = (
			);
			dependencies = (
				EBE76D952454DD3800984CD8 /* PBXTargetDependency */,
			);
			name = SINTHORESPUITests;
			productName = SINTHORESPUITests;
			productReference = EBE76D932454DD3800984CD8 /* SINTHORESPUITests.xctest */;
			productType = "com.apple.product-type.bundle.ui-testing";
		};
/* End PBXNativeTarget section */

/* Begin PBXProject section */
		EBE76D6A2454DD3200984CD8 /* Project object */ = {
			isa = PBXProject;
			attributes = {
				LastSwiftUpdateCheck = 1140;
				LastUpgradeCheck = 1140;
				ORGANIZATIONNAME = DNA360;
				TargetAttributes = {
					EBE76D712454DD3200984CD8 = {
						CreatedOnToolsVersion = 11.4.1;
					};
					EBE76D872454DD3800984CD8 = {
						CreatedOnToolsVersion = 11.4.1;
						TestTargetID = EBE76D712454DD3200984CD8;
					};
					EBE76D922454DD3800984CD8 = {
						CreatedOnToolsVersion = 11.4.1;
						TestTargetID = EBE76D712454DD3200984CD8;
					};
				};
			};
			buildConfigurationList = EBE76D6D2454DD3200984CD8 /* Build configuration list for PBXProject "SINTHORESP" */;
			compatibilityVersion = "Xcode 9.3";
			developmentRegion = en;
			hasScannedForEncodings = 0;
			knownRegions = (
				en,
				Base,
			);
			mainGroup = EBE76D692454DD3200984CD8;
			productRefGroup = EBE76D732454DD3200984CD8 /* Products */;
			projectDirPath = "";
			projectRoot = "";
			targets = (
				EBE76D712454DD3200984CD8 /* SINTHORESP */,
				EBE76D872454DD3800984CD8 /* SINTHORESPTests */,
				EBE76D922454DD3800984CD8 /* SINTHORESPUITests */,
			);
		};
/* End PBXProject section */

/* Begin PBXResourcesBuildPhase section */
		EBE76D702454DD3200984CD8 /* Resources */ = {
			isa = PBXResourcesBuildPhase;
			buildActionMask = 2147483647;
			files = (
				EB242BF224553A2B00A4F49D /* imageButtonContact.png in Resources */,
				EB45BE05245F6AD100618AF3 /* imageButtonBackMenu.png in Resources */,
				EB242BEC2455389D00A4F49D /* imageButtonConvention@3x.png in Resources */,
				EB61A8E524639FFA0097575F /* imageBaseLine.png in Resources */,
				EBFBB5B5248ED5B000F85384 /* image_colonia_peruibe_oasis@3x.png in Resources */,
				EB242BC824552F3E00A4F49D /* imageButtonSinthoresp@3x.png in Resources */,
				EBD23361248A8D0900376BAE /* imagem_superior.png in Resources */,
				EBFBB5B2248ED5B000F85384 /* image_colonia_caraguatatuba@2x.png in Resources */,
				EB242BF324553A2B00A4F49D /* imageButtonContact@2x.png in Resources */,
				EB535727245F546200D133C5 /* Montserrat-Regular.otf in Resources */,
				EB00C5B02492B2690058332E /* image_servico_atendimento_medico.png in Resources */,
				EB37AE2324633114007C1CAB /* imageDiretoriaExecutivaManoel.png in Resources */,
				EBD23367248AA1F800376BAE /* imageButtonNavegacao@3x.png in Resources */,
				EB00C59E249171BC0058332E /* imageButtonConvenios@3x.png in Resources */,
				EBD23363248A8D0900376BAE /* imagem_superior@2x.png in Resources */,
				EB61A8E424639FFA0097575F /* imageBaseLine@2x.png in Resources */,
				EB37AE1A24633114007C1CAB /* imageDiretoriaExecutivaFrancisco@2x.png in Resources */,
				EB242C0024555A2B00A4F49D /* imageButtonBack.png in Resources */,
				EBE76D822454DD3800984CD8 /* LaunchScreen.storyboard in Resources */,
				EB37AE1F24633114007C1CAB /* imageDiretoriaExecutivaValdir.png in Resources */,
				EB37AE1124633114007C1CAB /* imageDiretoriaExecutivaEdimundo@2x.png in Resources */,
				EB242BE02455389D00A4F49D /* imageButtonJoin@2x.png in Resources */,
				EB242BCE2455326700A4F49D /* imageButtonHeadquarters@3x.png in Resources */,
				EB37AE2424633114007C1CAB /* imageDiretoriaExecutivaFrancisco@3x.png in Resources */,
				EBFBB5BA248EF2DC00F85384 /* imageButtonNavegacaoCor@2x.png in Resources */,
				EB242BE52455389D00A4F49D /* imageButtonSummerCamp.png in Resources */,
				EB242BD02455326700A4F49D /* imageButtonHeadquarters@2x.png in Resources */,
				EB37AE2124633114007C1CAB /* imageDiretoriaExecutivaGilberto@3x.png in Resources */,
				EB242BFF24555A2B00A4F49D /* imageButtonBack@3x.png in Resources */,
				EB242BE82455389D00A4F49D /* imageButtonService@3x.png in Resources */,
				EB242BE92455389D00A4F49D /* imageButtonConvention.png in Resources */,
				EB242BE42455389D00A4F49D /* imageButtonService@2x.png in Resources */,
				EB8D846624550A2B0027133F /* imageLogoBranco@3x.png in Resources */,
				EB535728245F546B00D133C5 /* Montserrat-Bold.otf in Resources */,
				EB37AE1324633114007C1CAB /* imageDiretoriaExecutivaGilberto.png in Resources */,
				EBD23369248AA1F800376BAE /* imageButtonNavegacao.png in Resources */,
				EBFBB5B0248ED5B000F85384 /* image_colonia_caraguatatuba@3x.png in Resources */,
				EBE76D7F2454DD3800984CD8 /* Assets.xcassets in Resources */,
				EB37AE1E24633114007C1CAB /* imageDiretoriaExecutivaRubens.png in Resources */,
				EB8D846D245515740027133F /* imageBackgroundSP@2x.png in Resources */,
				EBE76D7D2454DD3200984CD8 /* Main.storyboard in Resources */,
				EB242BEB2455389D00A4F49D /* imageButtonConvention@2x.png in Resources */,
				EBFBB5B1248ED5B000F85384 /* image_colonia_caraguatatuba.png in Resources */,
				EB242BC924552F3E00A4F49D /* imageButtonSinthoresp@2x.png in Resources */,
				EB242BCF2455326700A4F49D /* imageButtonHeadquarters.png in Resources */,
				EB242BE72455389D00A4F49D /* imageButtonSummerCamp@2x.png in Resources */,
				EB37AE2224633114007C1CAB /* imageDiretoriaExecutivaEdimundo.png in Resources */,
				EB37AE1724633114007C1CAB /* imageDiretoriaExecutivaValdir@3x.png in Resources */,
				EBFBB5B3248ED5B000F85384 /* image_colonia_peruibe_oasis.png in Resources */,
				EBD23362248A8D0900376BAE /* imagem_superior@3x.png in Resources */,
				EB61A8E324639FFA0097575F /* imageBaseLine@3x.png in Resources */,
				EB8D846824550A2B0027133F /* imageLogoBranco@2x.png in Resources */,
				EB00C5B22492B2690058332E /* image_servico_atendimento_medico@2x.png in Resources */,
				EB00C5A2249172380058332E /* imageButtonAbrangencia.png in Resources */,
				EB37AE1824633114007C1CAB /* imageDiretoriaExecutivaValdir@2x.png in Resources */,
				EB37AE1924633114007C1CAB /* imageDiretoriaExecutivaGilberto@2x.png in Resources */,
				EBFBB5B4248ED5B000F85384 /* image_colonia_peruibe_oasis@2x.png in Resources */,
				EB8D846C245515740027133F /* imageBackgroundSP.png in Resources */,
				EB00C5B12492B2690058332E /* image_servico_atendimento_medico@3x.png in Resources */,
				EB37AE1424633114007C1CAB /* imageDiretoriaExecutivaRubens@3x.png in Resources */,
				EB242BEE2455389D00A4F49D /* imageButtonSummerCamp@3x.png in Resources */,
				EB00C59C249171BC0058332E /* imageButtonConvenios@2x.png in Resources */,
				EB37AE1524633114007C1CAB /* imageDiretoriaExecutivaJoao@2x.png in Resources */,
				EB37AE1224633114007C1CAB /* imageDiretoriaExecutivaEdimundo@3x.png in Resources */,
				EB37AE2524633114007C1CAB /* imageDiretoriaExecutivaFrancisco.png in Resources */,
				EB00C59D249171BC0058332E /* imageButtonConvenios.png in Resources */,
				EB8D846724550A2B0027133F /* imageLogoBranco.png in Resources */,
				EBFBB5BB248EF2DC00F85384 /* imageButtonNavegacaoCor@3x.png in Resources */,
				EB37AE1C24633114007C1CAB /* imageDiretoriaExecutivaManoel@2x.png in Resources */,
				EB242BED2455389D00A4F49D /* imageButtonService.png in Resources */,
				EB242BCA24552F3E00A4F49D /* imageButtonSinthoresp.png in Resources */,
				EB37AE1624633114007C1CAB /* imageDiretoriaExecutivaJoao@3x.png in Resources */,
				EB45BE04245F6AD100618AF3 /* imageButtonBackMenu@3x.png in Resources */,
				EB242BE22455389D00A4F49D /* imageButtonJoin.png in Resources */,
				EB37AE1D24633114007C1CAB /* imageDiretoriaExecutivaManoel@3x.png in Resources */,
				EB242BE12455389D00A4F49D /* imageButtonJoin@3x.png in Resources */,
				EB00C597249170A10058332E /* imageButtonServiceAtivo@3x.png in Resources */,
				EB00C598249170A10058332E /* imageButtonServiceAtivo.png in Resources */,
				EB37AE2024633114007C1CAB /* imageDiretoriaExecutivaJoao.png in Resources */,
				EB00C5A4249172380058332E /* imageButtonAbrangencia@3x.png in Resources */,
				EB37AE1B24633114007C1CAB /* imageDiretoriaExecutivaRubens@2x.png in Resources */,
				EBFBB5B9248EF2DC00F85384 /* imageButtonNavegacaoCor.png in Resources */,
				EBD23368248AA1F800376BAE /* imageButtonNavegacao@2x.png in Resources */,
				EB00C596249170A10058332E /* imageButtonServiceAtivo@2x.png in Resources */,
				EB242BFE24555A2B00A4F49D /* imageButtonBack@2x.png in Resources */,
				EB45BE06245F6AD100618AF3 /* imageButtonBackMenu@2x.png in Resources */,
				EB242BF424553A2B00A4F49D /* imageButtonContact@3x.png in Resources */,
				EB00C5A3249172380058332E /* imageButtonAbrangencia@2x.png in Resources */,
				EB8D846E245515740027133F /* imageBackgroundSP@3x.png in Resources */,
			);
			runOnlyForDeploymentPostprocessing = 0;
		};
		EBE76D862454DD3800984CD8 /* Resources */ = {
			isa = PBXResourcesBuildPhase;
			buildActionMask = 2147483647;
			files = (
			);
			runOnlyForDeploymentPostprocessing = 0;
		};
		EBE76D912454DD3800984CD8 /* Resources */ = {
			isa = PBXResourcesBuildPhase;
			buildActionMask = 2147483647;
			files = (
			);
			runOnlyForDeploymentPostprocessing = 0;
		};
/* End PBXResourcesBuildPhase section */

/* Begin PBXSourcesBuildPhase section */
		EBE76D6E2454DD3200984CD8 /* Sources */ = {
			isa = PBXSourcesBuildPhase;
			buildActionMask = 2147483647;
			files = (
				EBE76D7A2454DD3200984CD8 /* ViewController.swift in Sources */,
				EBE76D762454DD3200984CD8 /* AppDelegate.swift in Sources */,
				EBC111CB249026830046CFF2 /* HeadquartersDetailsViewController.swift in Sources */,
				EBA5DD33248DDA2000D60DC4 /* SummerCampDetailViewController.swift in Sources */,
				EB026A19245735C8009A784E /* JoinViewController.swift in Sources */,
				EB53573E245F649D00D133C5 /* SinhorespDiretoriaSinthorespViewController.swift in Sources */,
				EB026A15245735A0009A784E /* ServiceViewController.swift in Sources */,
				EB00C5A9249286E90058332E /* HeadquarterServiceDetailsViewController.swift in Sources */,
				EBE76D782454DD3200984CD8 /* SceneDelegate.swift in Sources */,
				EB00C5B62492D1D50058332E /* ServiceEscolaViewController.swift in Sources */,
				EB026A1124573555009A784E /* HeadquartersViewController.swift in Sources */,
				EB00C5B82492E0B90058332E /* ServiceEscolaDetailViewController.swift in Sources */,
				EB00C5A72491754F0058332E /* HeadquarterServicesGuaruhosViewController.swift in Sources */,
				EB026A17245735B6009A784E /* SummerCampViewController.swift in Sources */,
				EB026A1B245735DC009A784E /* ConventionViewController.swift in Sources */,
				EB00C5AB249297F80058332E /* HeadquarterAbrangenciaViewController.swift in Sources */,
				EB00C5B42492B2F30058332E /* ServiceAtendimentoMedicoViewController.swift in Sources */,
				EB242BC42455289E00A4F49D /* SinthorespViewController.swift in Sources */,
				EB611CB72493C89700767707 /* ServiceBolsaEmpregosViewController.swift in Sources */,
				EB535740245F64BC00D133C5 /* SinthorespConselhoRepresentacaoViewController.swift in Sources */,
				EBAEA08324573A1A00BA7F4D /* ContactViewController.swift in Sources */,
				EB53573C245F640700D133C5 /* ShintorespDiretoriaExecutivaViewController.swift in Sources */,
			);
			runOnlyForDeploymentPostprocessing = 0;
		};
		EBE76D842454DD3800984CD8 /* Sources */ = {
			isa = PBXSourcesBuildPhase;
			buildActionMask = 2147483647;
			files = (
				EBE76D8D2454DD3800984CD8 /* SINTHORESPTests.swift in Sources */,
			);
			runOnlyForDeploymentPostprocessing = 0;
		};
		EBE76D8F2454DD3800984CD8 /* Sources */ = {
			isa = PBXSourcesBuildPhase;
			buildActionMask = 2147483647;
			files = (
				EBE76D982454DD3800984CD8 /* SINTHORESPUITests.swift in Sources */,
			);
			runOnlyForDeploymentPostprocessing = 0;
		};
/* End PBXSourcesBuildPhase section */

/* Begin PBXTargetDependency section */
		EBE76D8A2454DD3800984CD8 /* PBXTargetDependency */ = {
			isa = PBXTargetDependency;
			target = EBE76D712454DD3200984CD8 /* SINTHORESP */;
			targetProxy = EBE76D892454DD3800984CD8 /* PBXContainerItemProxy */;
		};
		EBE76D952454DD3800984CD8 /* PBXTargetDependency */ = {
			isa = PBXTargetDependency;
			target = EBE76D712454DD3200984CD8 /* SINTHORESP */;
			targetProxy = EBE76D942454DD3800984CD8 /* PBXContainerItemProxy */;
		};
/* End PBXTargetDependency section */

/* Begin PBXVariantGroup section */
		EBE76D7B2454DD3200984CD8 /* Main.storyboard */ = {
			isa = PBXVariantGroup;
			children = (
				EBE76D7C2454DD3200984CD8 /* Base */,
			);
			name = Main.storyboard;
			sourceTree = "<group>";
		};
		EBE76D802454DD3800984CD8 /* LaunchScreen.storyboard */ = {
			isa = PBXVariantGroup;
			children = (
				EBE76D812454DD3800984CD8 /* Base */,
			);
			name = LaunchScreen.storyboard;
			sourceTree = "<group>";
		};
/* End PBXVariantGroup section */

/* Begin XCBuildConfiguration section */
		EBE76D9A2454DD3800984CD8 /* Debug */ = {
			isa = XCBuildConfiguration;
			buildSettings = {
				ALWAYS_SEARCH_USER_PATHS = NO;
				CLANG_ANALYZER_NONNULL = YES;
				CLANG_ANALYZER_NUMBER_OBJECT_CONVERSION = YES_AGGRESSIVE;
				CLANG_CXX_LANGUAGE_STANDARD = "gnu++14";
				CLANG_CXX_LIBRARY = "libc++";
				CLANG_ENABLE_MODULES = YES;
				CLANG_ENABLE_OBJC_ARC = YES;
				CLANG_ENABLE_OBJC_WEAK = YES;
				CLANG_WARN_BLOCK_CAPTURE_AUTORELEASING = YES;
				CLANG_WARN_BOOL_CONVERSION = YES;
				CLANG_WARN_COMMA = YES;
				CLANG_WARN_CONSTANT_CONVERSION = YES;
				CLANG_WARN_DEPRECATED_OBJC_IMPLEMENTATIONS = YES;
				CLANG_WARN_DIRECT_OBJC_ISA_USAGE = YES_ERROR;
				CLANG_WARN_DOCUMENTATION_COMMENTS = YES;
				CLANG_WARN_EMPTY_BODY = YES;
				CLANG_WARN_ENUM_CONVERSION = YES;
				CLANG_WARN_INFINITE_RECURSION = YES;
				CLANG_WARN_INT_CONVERSION = YES;
				CLANG_WARN_NON_LITERAL_NULL_CONVERSION = YES;
				CLANG_WARN_OBJC_IMPLICIT_RETAIN_SELF = YES;
				CLANG_WARN_OBJC_LITERAL_CONVERSION = YES;
				CLANG_WARN_OBJC_ROOT_CLASS = YES_ERROR;
				CLANG_WARN_RANGE_LOOP_ANALYSIS = YES;
				CLANG_WARN_STRICT_PROTOTYPES = YES;
				CLANG_WARN_SUSPICIOUS_MOVE = YES;
				CLANG_WARN_UNGUARDED_AVAILABILITY = YES_AGGRESSIVE;
				CLANG_WARN_UNREACHABLE_CODE = YES;
				CLANG_WARN__DUPLICATE_METHOD_MATCH = YES;
				COPY_PHASE_STRIP = NO;
				DEBUG_INFORMATION_FORMAT = dwarf;
				ENABLE_STRICT_OBJC_MSGSEND = YES;
				ENABLE_TESTABILITY = YES;
				GCC_C_LANGUAGE_STANDARD = gnu11;
				GCC_DYNAMIC_NO_PIC = NO;
				GCC_NO_COMMON_BLOCKS = YES;
				GCC_OPTIMIZATION_LEVEL = 0;
				GCC_PREPROCESSOR_DEFINITIONS = (
					"DEBUG=1",
					"$(inherited)",
				);
				GCC_WARN_64_TO_32_BIT_CONVERSION = YES;
				GCC_WARN_ABOUT_RETURN_TYPE = YES_ERROR;
				GCC_WARN_UNDECLARED_SELECTOR = YES;
				GCC_WARN_UNINITIALIZED_AUTOS = YES_AGGRESSIVE;
				GCC_WARN_UNUSED_FUNCTION = YES;
				GCC_WARN_UNUSED_VARIABLE = YES;
				IPHONEOS_DEPLOYMENT_TARGET = 13.4;
				MTL_ENABLE_DEBUG_INFO = INCLUDE_SOURCE;
				MTL_FAST_MATH = YES;
				ONLY_ACTIVE_ARCH = YES;
				SDKROOT = iphoneos;
				SWIFT_ACTIVE_COMPILATION_CONDITIONS = DEBUG;
				SWIFT_OPTIMIZATION_LEVEL = "-Onone";
			};
			name = Debug;
		};
		EBE76D9B2454DD3800984CD8 /* Release */ = {
			isa = XCBuildConfiguration;
			buildSettings = {
				ALWAYS_SEARCH_USER_PATHS = NO;
				CLANG_ANALYZER_NONNULL = YES;
				CLANG_ANALYZER_NUMBER_OBJECT_CONVERSION = YES_AGGRESSIVE;
				CLANG_CXX_LANGUAGE_STANDARD = "gnu++14";
				CLANG_CXX_LIBRARY = "libc++";
				CLANG_ENABLE_MODULES = YES;
				CLANG_ENABLE_OBJC_ARC = YES;
				CLANG_ENABLE_OBJC_WEAK = YES;
				CLANG_WARN_BLOCK_CAPTURE_AUTORELEASING = YES;
				CLANG_WARN_BOOL_CONVERSION = YES;
				CLANG_WARN_COMMA = YES;
				CLANG_WARN_CONSTANT_CONVERSION = YES;
				CLANG_WARN_DEPRECATED_OBJC_IMPLEMENTATIONS = YES;
				CLANG_WARN_DIRECT_OBJC_ISA_USAGE = YES_ERROR;
				CLANG_WARN_DOCUMENTATION_COMMENTS = YES;
				CLANG_WARN_EMPTY_BODY = YES;
				CLANG_WARN_ENUM_CONVERSION = YES;
				CLANG_WARN_INFINITE_RECURSION = YES;
				CLANG_WARN_INT_CONVERSION = YES;
				CLANG_WARN_NON_LITERAL_NULL_CONVERSION = YES;
				CLANG_WARN_OBJC_IMPLICIT_RETAIN_SELF = YES;
				CLANG_WARN_OBJC_LITERAL_CONVERSION = YES;
				CLANG_WARN_OBJC_ROOT_CLASS = YES_ERROR;
				CLANG_WARN_RANGE_LOOP_ANALYSIS = YES;
				CLANG_WARN_STRICT_PROTOTYPES = YES;
				CLANG_WARN_SUSPICIOUS_MOVE = YES;
				CLANG_WARN_UNGUARDED_AVAILABILITY = YES_AGGRESSIVE;
				CLANG_WARN_UNREACHABLE_CODE = YES;
				CLANG_WARN__DUPLICATE_METHOD_MATCH = YES;
				COPY_PHASE_STRIP = NO;
				DEBUG_INFORMATION_FORMAT = "dwarf-with-dsym";
				ENABLE_NS_ASSERTIONS = NO;
				ENABLE_STRICT_OBJC_MSGSEND = YES;
				GCC_C_LANGUAGE_STANDARD = gnu11;
				GCC_NO_COMMON_BLOCKS = YES;
				GCC_WARN_64_TO_32_BIT_CONVERSION = YES;
				GCC_WARN_ABOUT_RETURN_TYPE = YES_ERROR;
				GCC_WARN_UNDECLARED_SELECTOR = YES;
				GCC_WARN_UNINITIALIZED_AUTOS = YES_AGGRESSIVE;
				GCC_WARN_UNUSED_FUNCTION = YES;
				GCC_WARN_UNUSED_VARIABLE = YES;
				IPHONEOS_DEPLOYMENT_TARGET = 13.4;
				MTL_ENABLE_DEBUG_INFO = NO;
				MTL_FAST_MATH = YES;
				SDKROOT = iphoneos;
				SWIFT_COMPILATION_MODE = wholemodule;
				SWIFT_OPTIMIZATION_LEVEL = "-O";
				VALIDATE_PRODUCT = YES;
			};
			name = Release;
		};
		EBE76D9D2454DD3800984CD8 /* Debug */ = {
			isa = XCBuildConfiguration;
			buildSettings = {
				ASSETCATALOG_COMPILER_APPICON_NAME = AppIcon;
				CODE_SIGN_STYLE = Automatic;
				CURRENT_PROJECT_VERSION = 1.3.1;
				DEVELOPMENT_TEAM = 7XERYR8K5T;
				FRAMEWORK_SEARCH_PATHS = (
					"$(inherited)",
					"$(PROJECT_DIR)",
				);
				INFOPLIST_FILE = SINTHORESP/Info.plist;
				IPHONEOS_DEPLOYMENT_TARGET = 12.3;
				LD_RUNPATH_SEARCH_PATHS = (
					"$(inherited)",
					"@executable_path/Frameworks",
				);
				PRODUCT_BUNDLE_IDENTIFIER = br.com.dnacom.sinthoresp;
				PRODUCT_NAME = "$(TARGET_NAME)";
				SWIFT_VERSION = 5.0;
				TARGETED_DEVICE_FAMILY = 1;
			};
			name = Debug;
		};
		EBE76D9E2454DD3800984CD8 /* Release */ = {
			isa = XCBuildConfiguration;
			buildSettings = {
				ASSETCATALOG_COMPILER_APPICON_NAME = AppIcon;
				CODE_SIGN_STYLE = Automatic;
				CURRENT_PROJECT_VERSION = 1.3.1;
				DEVELOPMENT_TEAM = 7XERYR8K5T;
				FRAMEWORK_SEARCH_PATHS = (
					"$(inherited)",
					"$(PROJECT_DIR)",
				);
				INFOPLIST_FILE = SINTHORESP/Info.plist;
				IPHONEOS_DEPLOYMENT_TARGET = 12.3;
				LD_RUNPATH_SEARCH_PATHS = (
					"$(inherited)",
					"@executable_path/Frameworks",
				);
				PRODUCT_BUNDLE_IDENTIFIER = br.com.dnacom.sinthoresp;
				PRODUCT_NAME = "$(TARGET_NAME)";
				SWIFT_VERSION = 5.0;
				TARGETED_DEVICE_FAMILY = 1;
			};
			name = Release;
		};
		EBE76DA02454DD3800984CD8 /* Debug */ = {
			isa = XCBuildConfiguration;
			buildSettings = {
				ALWAYS_EMBED_SWIFT_STANDARD_LIBRARIES = YES;
				BUNDLE_LOADER = "$(TEST_HOST)";
				CODE_SIGN_STYLE = Automatic;
				DEVELOPMENT_TEAM = 7XERYR8K5T;
				INFOPLIST_FILE = SINTHORESPTests/Info.plist;
				IPHONEOS_DEPLOYMENT_TARGET = 13.4;
				LD_RUNPATH_SEARCH_PATHS = (
					"$(inherited)",
					"@executable_path/Frameworks",
					"@loader_path/Frameworks",
				);
				PRODUCT_BUNDLE_IDENTIFIER = br.com.dnacom.SINTHORESPTests;
				PRODUCT_NAME = "$(TARGET_NAME)";
				SWIFT_VERSION = 5.0;
				TARGETED_DEVICE_FAMILY = "1,2";
				TEST_HOST = "$(BUILT_PRODUCTS_DIR)/SINTHORESP.app/SINTHORESP";
			};
			name = Debug;
		};
		EBE76DA12454DD3800984CD8 /* Release */ = {
			isa = XCBuildConfiguration;
			buildSettings = {
				ALWAYS_EMBED_SWIFT_STANDARD_LIBRARIES = YES;
				BUNDLE_LOADER = "$(TEST_HOST)";
				CODE_SIGN_STYLE = Automatic;
				DEVELOPMENT_TEAM = 7XERYR8K5T;
				INFOPLIST_FILE = SINTHORESPTests/Info.plist;
				IPHONEOS_DEPLOYMENT_TARGET = 13.4;
				LD_RUNPATH_SEARCH_PATHS = (
					"$(inherited)",
					"@executable_path/Frameworks",
					"@loader_path/Frameworks",
				);
				PRODUCT_BUNDLE_IDENTIFIER = br.com.dnacom.SINTHORESPTests;
				PRODUCT_NAME = "$(TARGET_NAME)";
				SWIFT_VERSION = 5.0;
				TARGETED_DEVICE_FAMILY = "1,2";
				TEST_HOST = "$(BUILT_PRODUCTS_DIR)/SINTHORESP.app/SINTHORESP";
			};
			name = Release;
		};
		EBE76DA32454DD3800984CD8 /* Debug */ = {
			isa = XCBuildConfiguration;
			buildSettings = {
				ALWAYS_EMBED_SWIFT_STANDARD_LIBRARIES = YES;
				CODE_SIGN_STYLE = Automatic;
				DEVELOPMENT_TEAM = 7XERYR8K5T;
				INFOPLIST_FILE = SINTHORESPUITests/Info.plist;
				LD_RUNPATH_SEARCH_PATHS = (
					"$(inherited)",
					"@executable_path/Frameworks",
					"@loader_path/Frameworks",
				);
				PRODUCT_BUNDLE_IDENTIFIER = br.com.dnacom.SINTHORESPUITests;
				PRODUCT_NAME = "$(TARGET_NAME)";
				SWIFT_VERSION = 5.0;
				TARGETED_DEVICE_FAMILY = "1,2";
				TEST_TARGET_NAME = SINTHORESP;
			};
			name = Debug;
		};
		EBE76DA42454DD3800984CD8 /* Release */ = {
			isa = XCBuildConfiguration;
			buildSettings = {
				ALWAYS_EMBED_SWIFT_STANDARD_LIBRARIES = YES;
				CODE_SIGN_STYLE = Automatic;
				DEVELOPMENT_TEAM = 7XERYR8K5T;
				INFOPLIST_FILE = SINTHORESPUITests/Info.plist;
				LD_RUNPATH_SEARCH_PATHS = (
					"$(inherited)",
					"@executable_path/Frameworks",
					"@loader_path/Frameworks",
				);
				PRODUCT_BUNDLE_IDENTIFIER = br.com.dnacom.SINTHORESPUITests;
				PRODUCT_NAME = "$(TARGET_NAME)";
				SWIFT_VERSION = 5.0;
				TARGETED_DEVICE_FAMILY = "1,2";
				TEST_TARGET_NAME = SINTHORESP;
			};
			name = Release;
		};
/* End XCBuildConfiguration section */

/* Begin XCConfigurationList section */
		EBE76D6D2454DD3200984CD8 /* Build configuration list for PBXProject "SINTHORESP" */ = {
			isa = XCConfigurationList;
			buildConfigurations = (
				EBE76D9A2454DD3800984CD8 /* Debug */,
				EBE76D9B2454DD3800984CD8 /* Release */,
			);
			defaultConfigurationIsVisible = 0;
			defaultConfigurationName = Release;
		};
		EBE76D9C2454DD3800984CD8 /* Build configuration list for PBXNativeTarget "SINTHORESP" */ = {
			isa = XCConfigurationList;
			buildConfigurations = (
				EBE76D9D2454DD3800984CD8 /* Debug */,
				EBE76D9E2454DD3800984CD8 /* Release */,
			);
			defaultConfigurationIsVisible = 0;
			defaultConfigurationName = Release;
		};
		EBE76D9F2454DD3800984CD8 /* Build configuration list for PBXNativeTarget "SINTHORESPTests" */ = {
			isa = XCConfigurationList;
			buildConfigurations = (
				EBE76DA02454DD3800984CD8 /* Debug */,
				EBE76DA12454DD3800984CD8 /* Release */,
			);
			defaultConfigurationIsVisible = 0;
			defaultConfigurationName = Release;
		};
		EBE76DA22454DD3800984CD8 /* Build configuration list for PBXNativeTarget "SINTHORESPUITests" */ = {
			isa = XCConfigurationList;
			buildConfigurations = (
				EBE76DA32454DD3800984CD8 /* Debug */,
				EBE76DA42454DD3800984CD8 /* Release */,
			);
			defaultConfigurationIsVisible = 0;
			defaultConfigurationName = Release;
		};
/* End XCConfigurationList section */
	};
	rootObject = EBE76D6A2454DD3200984CD8 /* Project object */;
}
